// !$*UTF8*$!
{
	archiveVersion = 1;
	classes = {
	};
	objectVersion = 46;
	objects = {

/* Begin PBXBuildFile section */
		E4328149138ABC9F0047C5CB /* openFrameworksDebug.a in Frameworks */ = {isa = PBXBuildFile; fileRef = E4328148138ABC890047C5CB /* openFrameworksDebug.a */; };
		E4B69E200A3A1BDC003C02F2 /* main.cpp in Sources */ = {isa = PBXBuildFile; fileRef = E4B69E1D0A3A1BDC003C02F2 /* main.cpp */; };
		E4B69E210A3A1BDC003C02F2 /* ofApp.cpp in Sources */ = {isa = PBXBuildFile; fileRef = E4B69E1E0A3A1BDC003C02F2 /* ofApp.cpp */; };
		F8496C631CB1147A00F301C3 /* ofxTimeMeasurements.cpp in Sources */ = {isa = PBXBuildFile; fileRef = F8496C5C1CB1147A00F301C3 /* ofxTimeMeasurements.cpp */; };
/* End PBXBuildFile section */

/* Begin PBXContainerItemProxy section */
		E4328147138ABC890047C5CB /* PBXContainerItemProxy */ = {
			isa = PBXContainerItemProxy;
			containerPortal = E4328143138ABC890047C5CB /* openFrameworksLib.xcodeproj */;
			proxyType = 2;
			remoteGlobalIDString = E4B27C1510CBEB8E00536013;
			remoteInfo = openFrameworks;
		};
		E4EEB9AB138B136A00A80321 /* PBXContainerItemProxy */ = {
			isa = PBXContainerItemProxy;
			containerPortal = E4328143138ABC890047C5CB /* openFrameworksLib.xcodeproj */;
			proxyType = 1;
			remoteGlobalIDString = E4B27C1410CBEB8E00536013;
			remoteInfo = openFrameworks;
		};
/* End PBXContainerItemProxy section */

/* Begin PBXCopyFilesBuildPhase section */
		E4C2427710CC5ABF004149E2 /* CopyFiles */ = {
			isa = PBXCopyFilesBuildPhase;
			buildActionMask = 2147483647;
			dstPath = "";
			dstSubfolderSpec = 10;
			files = (
			);
			runOnlyForDeploymentPostprocessing = 0;
		};
/* End PBXCopyFilesBuildPhase section */

/* Begin PBXFileReference section */
		14E2E99D1CB2B2B0008D7B8A /* Array */ = {isa = PBXFileReference; fileEncoding = 4; lastKnownFileType = text; path = Array; sourceTree = "<group>"; };
		14E2E99E1CB2B2B0008D7B8A /* Cholesky */ = {isa = PBXFileReference; fileEncoding = 4; lastKnownFileType = text; path = Cholesky; sourceTree = "<group>"; };
		14E2E99F1CB2B2B0008D7B8A /* CholmodSupport */ = {isa = PBXFileReference; fileEncoding = 4; lastKnownFileType = text; path = CholmodSupport; sourceTree = "<group>"; };
		14E2E9A01CB2B2B0008D7B8A /* CMakeLists.txt */ = {isa = PBXFileReference; fileEncoding = 4; lastKnownFileType = text; path = CMakeLists.txt; sourceTree = "<group>"; };
		14E2E9A11CB2B2B0008D7B8A /* Core */ = {isa = PBXFileReference; fileEncoding = 4; lastKnownFileType = text; path = Core; sourceTree = "<group>"; };
		14E2E9A21CB2B2B0008D7B8A /* Dense */ = {isa = PBXFileReference; fileEncoding = 4; lastKnownFileType = text; path = Dense; sourceTree = "<group>"; };
		14E2E9A31CB2B2B0008D7B8A /* Eigen */ = {isa = PBXFileReference; fileEncoding = 4; lastKnownFileType = text; path = Eigen; sourceTree = "<group>"; };
		14E2E9A41CB2B2B0008D7B8A /* Eigen2Support */ = {isa = PBXFileReference; fileEncoding = 4; lastKnownFileType = text; path = Eigen2Support; sourceTree = "<group>"; };
		14E2E9A51CB2B2B0008D7B8A /* Eigenvalues */ = {isa = PBXFileReference; fileEncoding = 4; lastKnownFileType = text; path = Eigenvalues; sourceTree = "<group>"; };
		14E2E9A61CB2B2B0008D7B8A /* Geometry */ = {isa = PBXFileReference; fileEncoding = 4; lastKnownFileType = text; path = Geometry; sourceTree = "<group>"; };
		14E2E9A71CB2B2B0008D7B8A /* Householder */ = {isa = PBXFileReference; fileEncoding = 4; lastKnownFileType = text; path = Householder; sourceTree = "<group>"; };
		14E2E9A81CB2B2B0008D7B8A /* IterativeLinearSolvers */ = {isa = PBXFileReference; fileEncoding = 4; lastKnownFileType = text; path = IterativeLinearSolvers; sourceTree = "<group>"; };
		14E2E9A91CB2B2B0008D7B8A /* Jacobi */ = {isa = PBXFileReference; fileEncoding = 4; lastKnownFileType = text; path = Jacobi; sourceTree = "<group>"; };
		14E2E9AA1CB2B2B0008D7B8A /* LeastSquares */ = {isa = PBXFileReference; fileEncoding = 4; lastKnownFileType = text; path = LeastSquares; sourceTree = "<group>"; };
		14E2E9AB1CB2B2B0008D7B8A /* LU */ = {isa = PBXFileReference; fileEncoding = 4; lastKnownFileType = text; path = LU; sourceTree = "<group>"; };
		14E2E9AC1CB2B2B0008D7B8A /* MetisSupport */ = {isa = PBXFileReference; fileEncoding = 4; lastKnownFileType = text; path = MetisSupport; sourceTree = "<group>"; };
		14E2E9AD1CB2B2B0008D7B8A /* OrderingMethods */ = {isa = PBXFileReference; fileEncoding = 4; lastKnownFileType = text; path = OrderingMethods; sourceTree = "<group>"; };
		14E2E9AE1CB2B2B0008D7B8A /* PardisoSupport */ = {isa = PBXFileReference; fileEncoding = 4; lastKnownFileType = text; path = PardisoSupport; sourceTree = "<group>"; };
		14E2E9AF1CB2B2B0008D7B8A /* PaStiXSupport */ = {isa = PBXFileReference; fileEncoding = 4; lastKnownFileType = text; path = PaStiXSupport; sourceTree = "<group>"; };
		14E2E9B01CB2B2B0008D7B8A /* QR */ = {isa = PBXFileReference; fileEncoding = 4; lastKnownFileType = text; path = QR; sourceTree = "<group>"; };
		14E2E9B11CB2B2B0008D7B8A /* QtAlignedMalloc */ = {isa = PBXFileReference; fileEncoding = 4; lastKnownFileType = text; path = QtAlignedMalloc; sourceTree = "<group>"; };
		14E2E9B21CB2B2B0008D7B8A /* Sparse */ = {isa = PBXFileReference; fileEncoding = 4; lastKnownFileType = text; path = Sparse; sourceTree = "<group>"; };
		14E2E9B31CB2B2B0008D7B8A /* SparseCholesky */ = {isa = PBXFileReference; fileEncoding = 4; lastKnownFileType = text; path = SparseCholesky; sourceTree = "<group>"; };
		14E2E9B41CB2B2B0008D7B8A /* SparseCore */ = {isa = PBXFileReference; fileEncoding = 4; lastKnownFileType = text; path = SparseCore; sourceTree = "<group>"; };
		14E2E9B51CB2B2B0008D7B8A /* SparseLU */ = {isa = PBXFileReference; fileEncoding = 4; lastKnownFileType = text; path = SparseLU; sourceTree = "<group>"; };
		14E2E9B61CB2B2B0008D7B8A /* SparseQR */ = {isa = PBXFileReference; fileEncoding = 4; lastKnownFileType = text; path = SparseQR; sourceTree = "<group>"; };
		14E2E9B71CB2B2B0008D7B8A /* SPQRSupport */ = {isa = PBXFileReference; fileEncoding = 4; lastKnownFileType = text; path = SPQRSupport; sourceTree = "<group>"; };
		14E2E9BA1CB2B2B0008D7B8A /* CMakeLists.txt */ = {isa = PBXFileReference; fileEncoding = 4; lastKnownFileType = text; path = CMakeLists.txt; sourceTree = "<group>"; };
		14E2E9BB1CB2B2B0008D7B8A /* LDLT.h */ = {isa = PBXFileReference; fileEncoding = 4; lastKnownFileType = sourcecode.c.h; path = LDLT.h; sourceTree = "<group>"; };
		14E2E9BC1CB2B2B0008D7B8A /* LLT.h */ = {isa = PBXFileReference; fileEncoding = 4; lastKnownFileType = sourcecode.c.h; path = LLT.h; sourceTree = "<group>"; };
		14E2E9BD1CB2B2B0008D7B8A /* LLT_MKL.h */ = {isa = PBXFileReference; fileEncoding = 4; lastKnownFileType = sourcecode.c.h; path = LLT_MKL.h; sourceTree = "<group>"; };
		14E2E9BF1CB2B2B0008D7B8A /* CholmodSupport.h */ = {isa = PBXFileReference; fileEncoding = 4; lastKnownFileType = sourcecode.c.h; path = CholmodSupport.h; sourceTree = "<group>"; };
		14E2E9C01CB2B2B0008D7B8A /* CMakeLists.txt */ = {isa = PBXFileReference; fileEncoding = 4; lastKnownFileType = text; path = CMakeLists.txt; sourceTree = "<group>"; };
		14E2E9C11CB2B2B0008D7B8A /* CMakeLists.txt */ = {isa = PBXFileReference; fileEncoding = 4; lastKnownFileType = text; path = CMakeLists.txt; sourceTree = "<group>"; };
		14E2E9C51CB2B2B0008D7B8A /* CMakeLists.txt */ = {isa = PBXFileReference; fileEncoding = 4; lastKnownFileType = text; path = CMakeLists.txt; sourceTree = "<group>"; };
		14E2E9C61CB2B2B0008D7B8A /* Complex.h */ = {isa = PBXFileReference; fileEncoding = 4; lastKnownFileType = sourcecode.c.h; path = Complex.h; sourceTree = "<group>"; };
		14E2E9C71CB2B2B0008D7B8A /* PacketMath.h */ = {isa = PBXFileReference; fileEncoding = 4; lastKnownFileType = sourcecode.c.h; path = PacketMath.h; sourceTree = "<group>"; };
		14E2E9C81CB2B2B0008D7B8A /* CMakeLists.txt */ = {isa = PBXFileReference; fileEncoding = 4; lastKnownFileType = text; path = CMakeLists.txt; sourceTree = "<group>"; };
		14E2E9CA1CB2B2B0008D7B8A /* CMakeLists.txt */ = {isa = PBXFileReference; fileEncoding = 4; lastKnownFileType = text; path = CMakeLists.txt; sourceTree = "<group>"; };
		14E2E9CB1CB2B2B0008D7B8A /* Settings.h */ = {isa = PBXFileReference; fileEncoding = 4; lastKnownFileType = sourcecode.c.h; path = Settings.h; sourceTree = "<group>"; };
		14E2E9CD1CB2B2B0008D7B8A /* CMakeLists.txt */ = {isa = PBXFileReference; fileEncoding = 4; lastKnownFileType = text; path = CMakeLists.txt; sourceTree = "<group>"; };
		14E2E9CE1CB2B2B0008D7B8A /* Complex.h */ = {isa = PBXFileReference; fileEncoding = 4; lastKnownFileType = sourcecode.c.h; path = Complex.h; sourceTree = "<group>"; };
		14E2E9CF1CB2B2B0008D7B8A /* PacketMath.h */ = {isa = PBXFileReference; fileEncoding = 4; lastKnownFileType = sourcecode.c.h; path = PacketMath.h; sourceTree = "<group>"; };
		14E2E9D11CB2B2B0008D7B8A /* CMakeLists.txt */ = {isa = PBXFileReference; fileEncoding = 4; lastKnownFileType = text; path = CMakeLists.txt; sourceTree = "<group>"; };
		14E2E9D21CB2B2B0008D7B8A /* Complex.h */ = {isa = PBXFileReference; fileEncoding = 4; lastKnownFileType = sourcecode.c.h; path = Complex.h; sourceTree = "<group>"; };
		14E2E9D31CB2B2B0008D7B8A /* MathFunctions.h */ = {isa = PBXFileReference; fileEncoding = 4; lastKnownFileType = sourcecode.c.h; path = MathFunctions.h; sourceTree = "<group>"; };
		14E2E9D41CB2B2B0008D7B8A /* PacketMath.h */ = {isa = PBXFileReference; fileEncoding = 4; lastKnownFileType = sourcecode.c.h; path = PacketMath.h; sourceTree = "<group>"; };
		14E2E9D51CB2B2B0008D7B8A /* Array.h */ = {isa = PBXFileReference; fileEncoding = 4; lastKnownFileType = sourcecode.c.h; path = Array.h; sourceTree = "<group>"; };
		14E2E9D61CB2B2B0008D7B8A /* ArrayBase.h */ = {isa = PBXFileReference; fileEncoding = 4; lastKnownFileType = sourcecode.c.h; path = ArrayBase.h; sourceTree = "<group>"; };
		14E2E9D71CB2B2B0008D7B8A /* ArrayWrapper.h */ = {isa = PBXFileReference; fileEncoding = 4; lastKnownFileType = sourcecode.c.h; path = ArrayWrapper.h; sourceTree = "<group>"; };
		14E2E9D81CB2B2B0008D7B8A /* Assign.h */ = {isa = PBXFileReference; fileEncoding = 4; lastKnownFileType = sourcecode.c.h; path = Assign.h; sourceTree = "<group>"; };
		14E2E9D91CB2B2B0008D7B8A /* Assign_MKL.h */ = {isa = PBXFileReference; fileEncoding = 4; lastKnownFileType = sourcecode.c.h; path = Assign_MKL.h; sourceTree = "<group>"; };
		14E2E9DA1CB2B2B0008D7B8A /* BandMatrix.h */ = {isa = PBXFileReference; fileEncoding = 4; lastKnownFileType = sourcecode.c.h; path = BandMatrix.h; sourceTree = "<group>"; };
		14E2E9DB1CB2B2B0008D7B8A /* Block.h */ = {isa = PBXFileReference; fileEncoding = 4; lastKnownFileType = sourcecode.c.h; path = Block.h; sourceTree = "<group>"; };
		14E2E9DC1CB2B2B0008D7B8A /* BooleanRedux.h */ = {isa = PBXFileReference; fileEncoding = 4; lastKnownFileType = sourcecode.c.h; path = BooleanRedux.h; sourceTree = "<group>"; };
		14E2E9DD1CB2B2B0008D7B8A /* CMakeLists.txt */ = {isa = PBXFileReference; fileEncoding = 4; lastKnownFileType = text; path = CMakeLists.txt; sourceTree = "<group>"; };
		14E2E9DE1CB2B2B0008D7B8A /* CommaInitializer.h */ = {isa = PBXFileReference; fileEncoding = 4; lastKnownFileType = sourcecode.c.h; path = CommaInitializer.h; sourceTree = "<group>"; };
		14E2E9DF1CB2B2B0008D7B8A /* CoreIterators.h */ = {isa = PBXFileReference; fileEncoding = 4; lastKnownFileType = sourcecode.c.h; path = CoreIterators.h; sourceTree = "<group>"; };
		14E2E9E01CB2B2B0008D7B8A /* CwiseBinaryOp.h */ = {isa = PBXFileReference; fileEncoding = 4; lastKnownFileType = sourcecode.c.h; path = CwiseBinaryOp.h; sourceTree = "<group>"; };
		14E2E9E11CB2B2B0008D7B8A /* CwiseNullaryOp.h */ = {isa = PBXFileReference; fileEncoding = 4; lastKnownFileType = sourcecode.c.h; path = CwiseNullaryOp.h; sourceTree = "<group>"; };
		14E2E9E21CB2B2B0008D7B8A /* CwiseUnaryOp.h */ = {isa = PBXFileReference; fileEncoding = 4; lastKnownFileType = sourcecode.c.h; path = CwiseUnaryOp.h; sourceTree = "<group>"; };
		14E2E9E31CB2B2B0008D7B8A /* CwiseUnaryView.h */ = {isa = PBXFileReference; fileEncoding = 4; lastKnownFileType = sourcecode.c.h; path = CwiseUnaryView.h; sourceTree = "<group>"; };
		14E2E9E41CB2B2B0008D7B8A /* DenseBase.h */ = {isa = PBXFileReference; fileEncoding = 4; lastKnownFileType = sourcecode.c.h; path = DenseBase.h; sourceTree = "<group>"; };
		14E2E9E51CB2B2B0008D7B8A /* DenseCoeffsBase.h */ = {isa = PBXFileReference; fileEncoding = 4; lastKnownFileType = sourcecode.c.h; path = DenseCoeffsBase.h; sourceTree = "<group>"; };
		14E2E9E61CB2B2B0008D7B8A /* DenseStorage.h */ = {isa = PBXFileReference; fileEncoding = 4; lastKnownFileType = sourcecode.c.h; path = DenseStorage.h; sourceTree = "<group>"; };
		14E2E9E71CB2B2B0008D7B8A /* Diagonal.h */ = {isa = PBXFileReference; fileEncoding = 4; lastKnownFileType = sourcecode.c.h; path = Diagonal.h; sourceTree = "<group>"; };
		14E2E9E81CB2B2B0008D7B8A /* DiagonalMatrix.h */ = {isa = PBXFileReference; fileEncoding = 4; lastKnownFileType = sourcecode.c.h; path = DiagonalMatrix.h; sourceTree = "<group>"; };
		14E2E9E91CB2B2B0008D7B8A /* DiagonalProduct.h */ = {isa = PBXFileReference; fileEncoding = 4; lastKnownFileType = sourcecode.c.h; path = DiagonalProduct.h; sourceTree = "<group>"; };
		14E2E9EA1CB2B2B0008D7B8A /* Dot.h */ = {isa = PBXFileReference; fileEncoding = 4; lastKnownFileType = sourcecode.c.h; path = Dot.h; sourceTree = "<group>"; };
		14E2E9EB1CB2B2B0008D7B8A /* EigenBase.h */ = {isa = PBXFileReference; fileEncoding = 4; lastKnownFileType = sourcecode.c.h; path = EigenBase.h; sourceTree = "<group>"; };
		14E2E9EC1CB2B2B0008D7B8A /* Flagged.h */ = {isa = PBXFileReference; fileEncoding = 4; lastKnownFileType = sourcecode.c.h; path = Flagged.h; sourceTree = "<group>"; };
		14E2E9ED1CB2B2B0008D7B8A /* ForceAlignedAccess.h */ = {isa = PBXFileReference; fileEncoding = 4; lastKnownFileType = sourcecode.c.h; path = ForceAlignedAccess.h; sourceTree = "<group>"; };
		14E2E9EE1CB2B2B0008D7B8A /* Functors.h */ = {isa = PBXFileReference; fileEncoding = 4; lastKnownFileType = sourcecode.c.h; path = Functors.h; sourceTree = "<group>"; };
		14E2E9EF1CB2B2B0008D7B8A /* Fuzzy.h */ = {isa = PBXFileReference; fileEncoding = 4; lastKnownFileType = sourcecode.c.h; path = Fuzzy.h; sourceTree = "<group>"; };
		14E2E9F01CB2B2B0008D7B8A /* GeneralProduct.h */ = {isa = PBXFileReference; fileEncoding = 4; lastKnownFileType = sourcecode.c.h; path = GeneralProduct.h; sourceTree = "<group>"; };
		14E2E9F11CB2B2B0008D7B8A /* GenericPacketMath.h */ = {isa = PBXFileReference; fileEncoding = 4; lastKnownFileType = sourcecode.c.h; path = GenericPacketMath.h; sourceTree = "<group>"; };
		14E2E9F21CB2B2B0008D7B8A /* GlobalFunctions.h */ = {isa = PBXFileReference; fileEncoding = 4; lastKnownFileType = sourcecode.c.h; path = GlobalFunctions.h; sourceTree = "<group>"; };
		14E2E9F31CB2B2B0008D7B8A /* IO.h */ = {isa = PBXFileReference; fileEncoding = 4; lastKnownFileType = sourcecode.c.h; path = IO.h; sourceTree = "<group>"; };
		14E2E9F41CB2B2B0008D7B8A /* Map.h */ = {isa = PBXFileReference; fileEncoding = 4; lastKnownFileType = sourcecode.c.h; path = Map.h; sourceTree = "<group>"; };
		14E2E9F51CB2B2B0008D7B8A /* MapBase.h */ = {isa = PBXFileReference; fileEncoding = 4; lastKnownFileType = sourcecode.c.h; path = MapBase.h; sourceTree = "<group>"; };
		14E2E9F61CB2B2B0008D7B8A /* MathFunctions.h */ = {isa = PBXFileReference; fileEncoding = 4; lastKnownFileType = sourcecode.c.h; path = MathFunctions.h; sourceTree = "<group>"; };
		14E2E9F71CB2B2B0008D7B8A /* Matrix.h */ = {isa = PBXFileReference; fileEncoding = 4; lastKnownFileType = sourcecode.c.h; path = Matrix.h; sourceTree = "<group>"; };
		14E2E9F81CB2B2B0008D7B8A /* MatrixBase.h */ = {isa = PBXFileReference; fileEncoding = 4; lastKnownFileType = sourcecode.c.h; path = MatrixBase.h; sourceTree = "<group>"; };
		14E2E9F91CB2B2B0008D7B8A /* NestByValue.h */ = {isa = PBXFileReference; fileEncoding = 4; lastKnownFileType = sourcecode.c.h; path = NestByValue.h; sourceTree = "<group>"; };
		14E2E9FA1CB2B2B0008D7B8A /* NoAlias.h */ = {isa = PBXFileReference; fileEncoding = 4; lastKnownFileType = sourcecode.c.h; path = NoAlias.h; sourceTree = "<group>"; };
		14E2E9FB1CB2B2B0008D7B8A /* NumTraits.h */ = {isa = PBXFileReference; fileEncoding = 4; lastKnownFileType = sourcecode.c.h; path = NumTraits.h; sourceTree = "<group>"; };
		14E2E9FC1CB2B2B0008D7B8A /* PermutationMatrix.h */ = {isa = PBXFileReference; fileEncoding = 4; lastKnownFileType = sourcecode.c.h; path = PermutationMatrix.h; sourceTree = "<group>"; };
		14E2E9FD1CB2B2B0008D7B8A /* PlainObjectBase.h */ = {isa = PBXFileReference; fileEncoding = 4; lastKnownFileType = sourcecode.c.h; path = PlainObjectBase.h; sourceTree = "<group>"; };
		14E2E9FE1CB2B2B0008D7B8A /* ProductBase.h */ = {isa = PBXFileReference; fileEncoding = 4; lastKnownFileType = sourcecode.c.h; path = ProductBase.h; sourceTree = "<group>"; };
		14E2EA001CB2B2B0008D7B8A /* CMakeLists.txt */ = {isa = PBXFileReference; fileEncoding = 4; lastKnownFileType = text; path = CMakeLists.txt; sourceTree = "<group>"; };
		14E2EA011CB2B2B0008D7B8A /* CoeffBasedProduct.h */ = {isa = PBXFileReference; fileEncoding = 4; lastKnownFileType = sourcecode.c.h; path = CoeffBasedProduct.h; sourceTree = "<group>"; };
		14E2EA021CB2B2B0008D7B8A /* GeneralBlockPanelKernel.h */ = {isa = PBXFileReference; fileEncoding = 4; lastKnownFileType = sourcecode.c.h; path = GeneralBlockPanelKernel.h; sourceTree = "<group>"; };
		14E2EA031CB2B2B0008D7B8A /* GeneralMatrixMatrix.h */ = {isa = PBXFileReference; fileEncoding = 4; lastKnownFileType = sourcecode.c.h; path = GeneralMatrixMatrix.h; sourceTree = "<group>"; };
		14E2EA041CB2B2B0008D7B8A /* GeneralMatrixMatrix_MKL.h */ = {isa = PBXFileReference; fileEncoding = 4; lastKnownFileType = sourcecode.c.h; path = GeneralMatrixMatrix_MKL.h; sourceTree = "<group>"; };
		14E2EA051CB2B2B0008D7B8A /* GeneralMatrixMatrixTriangular.h */ = {isa = PBXFileReference; fileEncoding = 4; lastKnownFileType = sourcecode.c.h; path = GeneralMatrixMatrixTriangular.h; sourceTree = "<group>"; };
		14E2EA061CB2B2B0008D7B8A /* GeneralMatrixMatrixTriangular_MKL.h */ = {isa = PBXFileReference; fileEncoding = 4; lastKnownFileType = sourcecode.c.h; path = GeneralMatrixMatrixTriangular_MKL.h; sourceTree = "<group>"; };
		14E2EA071CB2B2B0008D7B8A /* GeneralMatrixVector.h */ = {isa = PBXFileReference; fileEncoding = 4; lastKnownFileType = sourcecode.c.h; path = GeneralMatrixVector.h; sourceTree = "<group>"; };
		14E2EA081CB2B2B0008D7B8A /* GeneralMatrixVector_MKL.h */ = {isa = PBXFileReference; fileEncoding = 4; lastKnownFileType = sourcecode.c.h; path = GeneralMatrixVector_MKL.h; sourceTree = "<group>"; };
		14E2EA091CB2B2B0008D7B8A /* Parallelizer.h */ = {isa = PBXFileReference; fileEncoding = 4; lastKnownFileType = sourcecode.c.h; path = Parallelizer.h; sourceTree = "<group>"; };
		14E2EA0A1CB2B2B0008D7B8A /* SelfadjointMatrixMatrix.h */ = {isa = PBXFileReference; fileEncoding = 4; lastKnownFileType = sourcecode.c.h; path = SelfadjointMatrixMatrix.h; sourceTree = "<group>"; };
		14E2EA0B1CB2B2B0008D7B8A /* SelfadjointMatrixMatrix_MKL.h */ = {isa = PBXFileReference; fileEncoding = 4; lastKnownFileType = sourcecode.c.h; path = SelfadjointMatrixMatrix_MKL.h; sourceTree = "<group>"; };
		14E2EA0C1CB2B2B0008D7B8A /* SelfadjointMatrixVector.h */ = {isa = PBXFileReference; fileEncoding = 4; lastKnownFileType = sourcecode.c.h; path = SelfadjointMatrixVector.h; sourceTree = "<group>"; };
		14E2EA0D1CB2B2B0008D7B8A /* SelfadjointMatrixVector_MKL.h */ = {isa = PBXFileReference; fileEncoding = 4; lastKnownFileType = sourcecode.c.h; path = SelfadjointMatrixVector_MKL.h; sourceTree = "<group>"; };
		14E2EA0E1CB2B2B0008D7B8A /* SelfadjointProduct.h */ = {isa = PBXFileReference; fileEncoding = 4; lastKnownFileType = sourcecode.c.h; path = SelfadjointProduct.h; sourceTree = "<group>"; };
		14E2EA0F1CB2B2B0008D7B8A /* SelfadjointRank2Update.h */ = {isa = PBXFileReference; fileEncoding = 4; lastKnownFileType = sourcecode.c.h; path = SelfadjointRank2Update.h; sourceTree = "<group>"; };
		14E2EA101CB2B2B0008D7B8A /* TriangularMatrixMatrix.h */ = {isa = PBXFileReference; fileEncoding = 4; lastKnownFileType = sourcecode.c.h; path = TriangularMatrixMatrix.h; sourceTree = "<group>"; };
		14E2EA111CB2B2B0008D7B8A /* TriangularMatrixMatrix_MKL.h */ = {isa = PBXFileReference; fileEncoding = 4; lastKnownFileType = sourcecode.c.h; path = TriangularMatrixMatrix_MKL.h; sourceTree = "<group>"; };
		14E2EA121CB2B2B0008D7B8A /* TriangularMatrixVector.h */ = {isa = PBXFileReference; fileEncoding = 4; lastKnownFileType = sourcecode.c.h; path = TriangularMatrixVector.h; sourceTree = "<group>"; };
		14E2EA131CB2B2B0008D7B8A /* TriangularMatrixVector_MKL.h */ = {isa = PBXFileReference; fileEncoding = 4; lastKnownFileType = sourcecode.c.h; path = TriangularMatrixVector_MKL.h; sourceTree = "<group>"; };
		14E2EA141CB2B2B0008D7B8A /* TriangularSolverMatrix.h */ = {isa = PBXFileReference; fileEncoding = 4; lastKnownFileType = sourcecode.c.h; path = TriangularSolverMatrix.h; sourceTree = "<group>"; };
		14E2EA151CB2B2B0008D7B8A /* TriangularSolverMatrix_MKL.h */ = {isa = PBXFileReference; fileEncoding = 4; lastKnownFileType = sourcecode.c.h; path = TriangularSolverMatrix_MKL.h; sourceTree = "<group>"; };
		14E2EA161CB2B2B0008D7B8A /* TriangularSolverVector.h */ = {isa = PBXFileReference; fileEncoding = 4; lastKnownFileType = sourcecode.c.h; path = TriangularSolverVector.h; sourceTree = "<group>"; };
		14E2EA171CB2B2B0008D7B8A /* Random.h */ = {isa = PBXFileReference; fileEncoding = 4; lastKnownFileType = sourcecode.c.h; path = Random.h; sourceTree = "<group>"; };
		14E2EA181CB2B2B0008D7B8A /* Redux.h */ = {isa = PBXFileReference; fileEncoding = 4; lastKnownFileType = sourcecode.c.h; path = Redux.h; sourceTree = "<group>"; };
		14E2EA191CB2B2B0008D7B8A /* Ref.h */ = {isa = PBXFileReference; fileEncoding = 4; lastKnownFileType = sourcecode.c.h; path = Ref.h; sourceTree = "<group>"; };
		14E2EA1A1CB2B2B0008D7B8A /* Replicate.h */ = {isa = PBXFileReference; fileEncoding = 4; lastKnownFileType = sourcecode.c.h; path = Replicate.h; sourceTree = "<group>"; };
		14E2EA1B1CB2B2B0008D7B8A /* ReturnByValue.h */ = {isa = PBXFileReference; fileEncoding = 4; lastKnownFileType = sourcecode.c.h; path = ReturnByValue.h; sourceTree = "<group>"; };
		14E2EA1C1CB2B2B0008D7B8A /* Reverse.h */ = {isa = PBXFileReference; fileEncoding = 4; lastKnownFileType = sourcecode.c.h; path = Reverse.h; sourceTree = "<group>"; };
		14E2EA1D1CB2B2B0008D7B8A /* Select.h */ = {isa = PBXFileReference; fileEncoding = 4; lastKnownFileType = sourcecode.c.h; path = Select.h; sourceTree = "<group>"; };
		14E2EA1E1CB2B2B0008D7B8A /* SelfAdjointView.h */ = {isa = PBXFileReference; fileEncoding = 4; lastKnownFileType = sourcecode.c.h; path = SelfAdjointView.h; sourceTree = "<group>"; };
		14E2EA1F1CB2B2B0008D7B8A /* SelfCwiseBinaryOp.h */ = {isa = PBXFileReference; fileEncoding = 4; lastKnownFileType = sourcecode.c.h; path = SelfCwiseBinaryOp.h; sourceTree = "<group>"; };
		14E2EA201CB2B2B0008D7B8A /* SolveTriangular.h */ = {isa = PBXFileReference; fileEncoding = 4; lastKnownFileType = sourcecode.c.h; path = SolveTriangular.h; sourceTree = "<group>"; };
		14E2EA211CB2B2B0008D7B8A /* StableNorm.h */ = {isa = PBXFileReference; fileEncoding = 4; lastKnownFileType = sourcecode.c.h; path = StableNorm.h; sourceTree = "<group>"; };
		14E2EA221CB2B2B0008D7B8A /* Stride.h */ = {isa = PBXFileReference; fileEncoding = 4; lastKnownFileType = sourcecode.c.h; path = Stride.h; sourceTree = "<group>"; };
		14E2EA231CB2B2B0008D7B8A /* Swap.h */ = {isa = PBXFileReference; fileEncoding = 4; lastKnownFileType = sourcecode.c.h; path = Swap.h; sourceTree = "<group>"; };
		14E2EA241CB2B2B0008D7B8A /* Transpose.h */ = {isa = PBXFileReference; fileEncoding = 4; lastKnownFileType = sourcecode.c.h; path = Transpose.h; sourceTree = "<group>"; };
		14E2EA251CB2B2B0008D7B8A /* Transpositions.h */ = {isa = PBXFileReference; fileEncoding = 4; lastKnownFileType = sourcecode.c.h; path = Transpositions.h; sourceTree = "<group>"; };
		14E2EA261CB2B2B0008D7B8A /* TriangularMatrix.h */ = {isa = PBXFileReference; fileEncoding = 4; lastKnownFileType = sourcecode.c.h; path = TriangularMatrix.h; sourceTree = "<group>"; };
		14E2EA281CB2B2B0008D7B8A /* BlasUtil.h */ = {isa = PBXFileReference; fileEncoding = 4; lastKnownFileType = sourcecode.c.h; path = BlasUtil.h; sourceTree = "<group>"; };
		14E2EA291CB2B2B0008D7B8A /* CMakeLists.txt */ = {isa = PBXFileReference; fileEncoding = 4; lastKnownFileType = text; path = CMakeLists.txt; sourceTree = "<group>"; };
		14E2EA2A1CB2B2B0008D7B8A /* Constants.h */ = {isa = PBXFileReference; fileEncoding = 4; lastKnownFileType = sourcecode.c.h; path = Constants.h; sourceTree = "<group>"; };
		14E2EA2B1CB2B2B0008D7B8A /* DisableStupidWarnings.h */ = {isa = PBXFileReference; fileEncoding = 4; lastKnownFileType = sourcecode.c.h; path = DisableStupidWarnings.h; sourceTree = "<group>"; };
		14E2EA2C1CB2B2B0008D7B8A /* ForwardDeclarations.h */ = {isa = PBXFileReference; fileEncoding = 4; lastKnownFileType = sourcecode.c.h; path = ForwardDeclarations.h; sourceTree = "<group>"; };
		14E2EA2D1CB2B2B0008D7B8A /* Macros.h */ = {isa = PBXFileReference; fileEncoding = 4; lastKnownFileType = sourcecode.c.h; path = Macros.h; sourceTree = "<group>"; };
		14E2EA2E1CB2B2B0008D7B8A /* Memory.h */ = {isa = PBXFileReference; fileEncoding = 4; lastKnownFileType = sourcecode.c.h; path = Memory.h; sourceTree = "<group>"; };
		14E2EA2F1CB2B2B0008D7B8A /* Meta.h */ = {isa = PBXFileReference; fileEncoding = 4; lastKnownFileType = sourcecode.c.h; path = Meta.h; sourceTree = "<group>"; };
		14E2EA301CB2B2B0008D7B8A /* MKL_support.h */ = {isa = PBXFileReference; fileEncoding = 4; lastKnownFileType = sourcecode.c.h; path = MKL_support.h; sourceTree = "<group>"; };
		14E2EA311CB2B2B0008D7B8A /* NonMPL2.h */ = {isa = PBXFileReference; fileEncoding = 4; lastKnownFileType = sourcecode.c.h; path = NonMPL2.h; sourceTree = "<group>"; };
		14E2EA321CB2B2B0008D7B8A /* ReenableStupidWarnings.h */ = {isa = PBXFileReference; fileEncoding = 4; lastKnownFileType = sourcecode.c.h; path = ReenableStupidWarnings.h; sourceTree = "<group>"; };
		14E2EA331CB2B2B0008D7B8A /* StaticAssert.h */ = {isa = PBXFileReference; fileEncoding = 4; lastKnownFileType = sourcecode.c.h; path = StaticAssert.h; sourceTree = "<group>"; };
		14E2EA341CB2B2B0008D7B8A /* XprHelper.h */ = {isa = PBXFileReference; fileEncoding = 4; lastKnownFileType = sourcecode.c.h; path = XprHelper.h; sourceTree = "<group>"; };
		14E2EA351CB2B2B0008D7B8A /* VectorBlock.h */ = {isa = PBXFileReference; fileEncoding = 4; lastKnownFileType = sourcecode.c.h; path = VectorBlock.h; sourceTree = "<group>"; };
		14E2EA361CB2B2B0008D7B8A /* VectorwiseOp.h */ = {isa = PBXFileReference; fileEncoding = 4; lastKnownFileType = sourcecode.c.h; path = VectorwiseOp.h; sourceTree = "<group>"; };
		14E2EA371CB2B2B0008D7B8A /* Visitor.h */ = {isa = PBXFileReference; fileEncoding = 4; lastKnownFileType = sourcecode.c.h; path = Visitor.h; sourceTree = "<group>"; };
		14E2EA391CB2B2B0008D7B8A /* Block.h */ = {isa = PBXFileReference; fileEncoding = 4; lastKnownFileType = sourcecode.c.h; path = Block.h; sourceTree = "<group>"; };
		14E2EA3A1CB2B2B0008D7B8A /* CMakeLists.txt */ = {isa = PBXFileReference; fileEncoding = 4; lastKnownFileType = text; path = CMakeLists.txt; sourceTree = "<group>"; };
		14E2EA3B1CB2B2B0008D7B8A /* Cwise.h */ = {isa = PBXFileReference; fileEncoding = 4; lastKnownFileType = sourcecode.c.h; path = Cwise.h; sourceTree = "<group>"; };
		14E2EA3C1CB2B2B0008D7B8A /* CwiseOperators.h */ = {isa = PBXFileReference; fileEncoding = 4; lastKnownFileType = sourcecode.c.h; path = CwiseOperators.h; sourceTree = "<group>"; };
		14E2EA3E1CB2B2B0008D7B8A /* AlignedBox.h */ = {isa = PBXFileReference; fileEncoding = 4; lastKnownFileType = sourcecode.c.h; path = AlignedBox.h; sourceTree = "<group>"; };
		14E2EA3F1CB2B2B0008D7B8A /* All.h */ = {isa = PBXFileReference; fileEncoding = 4; lastKnownFileType = sourcecode.c.h; path = All.h; sourceTree = "<group>"; };
		14E2EA401CB2B2B0008D7B8A /* AngleAxis.h */ = {isa = PBXFileReference; fileEncoding = 4; lastKnownFileType = sourcecode.c.h; path = AngleAxis.h; sourceTree = "<group>"; };
		14E2EA411CB2B2B0008D7B8A /* CMakeLists.txt */ = {isa = PBXFileReference; fileEncoding = 4; lastKnownFileType = text; path = CMakeLists.txt; sourceTree = "<group>"; };
		14E2EA421CB2B2B0008D7B8A /* Hyperplane.h */ = {isa = PBXFileReference; fileEncoding = 4; lastKnownFileType = sourcecode.c.h; path = Hyperplane.h; sourceTree = "<group>"; };
		14E2EA431CB2B2B0008D7B8A /* ParametrizedLine.h */ = {isa = PBXFileReference; fileEncoding = 4; lastKnownFileType = sourcecode.c.h; path = ParametrizedLine.h; sourceTree = "<group>"; };
		14E2EA441CB2B2B0008D7B8A /* Quaternion.h */ = {isa = PBXFileReference; fileEncoding = 4; lastKnownFileType = sourcecode.c.h; path = Quaternion.h; sourceTree = "<group>"; };
		14E2EA451CB2B2B0008D7B8A /* Rotation2D.h */ = {isa = PBXFileReference; fileEncoding = 4; lastKnownFileType = sourcecode.c.h; path = Rotation2D.h; sourceTree = "<group>"; };
		14E2EA461CB2B2B0008D7B8A /* RotationBase.h */ = {isa = PBXFileReference; fileEncoding = 4; lastKnownFileType = sourcecode.c.h; path = RotationBase.h; sourceTree = "<group>"; };
		14E2EA471CB2B2B0008D7B8A /* Scaling.h */ = {isa = PBXFileReference; fileEncoding = 4; lastKnownFileType = sourcecode.c.h; path = Scaling.h; sourceTree = "<group>"; };
		14E2EA481CB2B2B0008D7B8A /* Transform.h */ = {isa = PBXFileReference; fileEncoding = 4; lastKnownFileType = sourcecode.c.h; path = Transform.h; sourceTree = "<group>"; };
		14E2EA491CB2B2B0008D7B8A /* Translation.h */ = {isa = PBXFileReference; fileEncoding = 4; lastKnownFileType = sourcecode.c.h; path = Translation.h; sourceTree = "<group>"; };
		14E2EA4A1CB2B2B0008D7B8A /* Lazy.h */ = {isa = PBXFileReference; fileEncoding = 4; lastKnownFileType = sourcecode.c.h; path = Lazy.h; sourceTree = "<group>"; };
		14E2EA4B1CB2B2B0008D7B8A /* LeastSquares.h */ = {isa = PBXFileReference; fileEncoding = 4; lastKnownFileType = sourcecode.c.h; path = LeastSquares.h; sourceTree = "<group>"; };
		14E2EA4C1CB2B2B0008D7B8A /* LU.h */ = {isa = PBXFileReference; fileEncoding = 4; lastKnownFileType = sourcecode.c.h; path = LU.h; sourceTree = "<group>"; };
		14E2EA4D1CB2B2B0008D7B8A /* Macros.h */ = {isa = PBXFileReference; fileEncoding = 4; lastKnownFileType = sourcecode.c.h; path = Macros.h; sourceTree = "<group>"; };
		14E2EA4E1CB2B2B0008D7B8A /* MathFunctions.h */ = {isa = PBXFileReference; fileEncoding = 4; lastKnownFileType = sourcecode.c.h; path = MathFunctions.h; sourceTree = "<group>"; };
		14E2EA4F1CB2B2B0008D7B8A /* Memory.h */ = {isa = PBXFileReference; fileEncoding = 4; lastKnownFileType = sourcecode.c.h; path = Memory.h; sourceTree = "<group>"; };
		14E2EA501CB2B2B0008D7B8A /* Meta.h */ = {isa = PBXFileReference; fileEncoding = 4; lastKnownFileType = sourcecode.c.h; path = Meta.h; sourceTree = "<group>"; };
		14E2EA511CB2B2B0008D7B8A /* Minor.h */ = {isa = PBXFileReference; fileEncoding = 4; lastKnownFileType = sourcecode.c.h; path = Minor.h; sourceTree = "<group>"; };
		14E2EA521CB2B2B0008D7B8A /* QR.h */ = {isa = PBXFileReference; fileEncoding = 4; lastKnownFileType = sourcecode.c.h; path = QR.h; sourceTree = "<group>"; };
		14E2EA531CB2B2B0008D7B8A /* SVD.h */ = {isa = PBXFileReference; fileEncoding = 4; lastKnownFileType = sourcecode.c.h; path = SVD.h; sourceTree = "<group>"; };
		14E2EA541CB2B2B0008D7B8A /* TriangularSolver.h */ = {isa = PBXFileReference; fileEncoding = 4; lastKnownFileType = sourcecode.c.h; path = TriangularSolver.h; sourceTree = "<group>"; };
		14E2EA551CB2B2B0008D7B8A /* VectorBlock.h */ = {isa = PBXFileReference; fileEncoding = 4; lastKnownFileType = sourcecode.c.h; path = VectorBlock.h; sourceTree = "<group>"; };
		14E2EA571CB2B2B0008D7B8A /* CMakeLists.txt */ = {isa = PBXFileReference; fileEncoding = 4; lastKnownFileType = text; path = CMakeLists.txt; sourceTree = "<group>"; };
		14E2EA581CB2B2B0008D7B8A /* ComplexEigenSolver.h */ = {isa = PBXFileReference; fileEncoding = 4; lastKnownFileType = sourcecode.c.h; path = ComplexEigenSolver.h; sourceTree = "<group>"; };
		14E2EA591CB2B2B0008D7B8A /* ComplexSchur.h */ = {isa = PBXFileReference; fileEncoding = 4; lastKnownFileType = sourcecode.c.h; path = ComplexSchur.h; sourceTree = "<group>"; };
		14E2EA5A1CB2B2B0008D7B8A /* ComplexSchur_MKL.h */ = {isa = PBXFileReference; fileEncoding = 4; lastKnownFileType = sourcecode.c.h; path = ComplexSchur_MKL.h; sourceTree = "<group>"; };
		14E2EA5B1CB2B2B0008D7B8A /* EigenSolver.h */ = {isa = PBXFileReference; fileEncoding = 4; lastKnownFileType = sourcecode.c.h; path = EigenSolver.h; sourceTree = "<group>"; };
		14E2EA5C1CB2B2B0008D7B8A /* GeneralizedEigenSolver.h */ = {isa = PBXFileReference; fileEncoding = 4; lastKnownFileType = sourcecode.c.h; path = GeneralizedEigenSolver.h; sourceTree = "<group>"; };
		14E2EA5D1CB2B2B0008D7B8A /* GeneralizedSelfAdjointEigenSolver.h */ = {isa = PBXFileReference; fileEncoding = 4; lastKnownFileType = sourcecode.c.h; path = GeneralizedSelfAdjointEigenSolver.h; sourceTree = "<group>"; };
		14E2EA5E1CB2B2B0008D7B8A /* HessenbergDecomposition.h */ = {isa = PBXFileReference; fileEncoding = 4; lastKnownFileType = sourcecode.c.h; path = HessenbergDecomposition.h; sourceTree = "<group>"; };
		14E2EA5F1CB2B2B0008D7B8A /* MatrixBaseEigenvalues.h */ = {isa = PBXFileReference; fileEncoding = 4; lastKnownFileType = sourcecode.c.h; path = MatrixBaseEigenvalues.h; sourceTree = "<group>"; };
		14E2EA601CB2B2B0008D7B8A /* RealQZ.h */ = {isa = PBXFileReference; fileEncoding = 4; lastKnownFileType = sourcecode.c.h; path = RealQZ.h; sourceTree = "<group>"; };
		14E2EA611CB2B2B0008D7B8A /* RealSchur.h */ = {isa = PBXFileReference; fileEncoding = 4; lastKnownFileType = sourcecode.c.h; path = RealSchur.h; sourceTree = "<group>"; };
		14E2EA621CB2B2B0008D7B8A /* RealSchur_MKL.h */ = {isa = PBXFileReference; fileEncoding = 4; lastKnownFileType = sourcecode.c.h; path = RealSchur_MKL.h; sourceTree = "<group>"; };
		14E2EA631CB2B2B0008D7B8A /* SelfAdjointEigenSolver.h */ = {isa = PBXFileReference; fileEncoding = 4; lastKnownFileType = sourcecode.c.h; path = SelfAdjointEigenSolver.h; sourceTree = "<group>"; };
		14E2EA641CB2B2B0008D7B8A /* SelfAdjointEigenSolver_MKL.h */ = {isa = PBXFileReference; fileEncoding = 4; lastKnownFileType = sourcecode.c.h; path = SelfAdjointEigenSolver_MKL.h; sourceTree = "<group>"; };
		14E2EA651CB2B2B0008D7B8A /* Tridiagonalization.h */ = {isa = PBXFileReference; fileEncoding = 4; lastKnownFileType = sourcecode.c.h; path = Tridiagonalization.h; sourceTree = "<group>"; };
		14E2EA671CB2B2B0008D7B8A /* AlignedBox.h */ = {isa = PBXFileReference; fileEncoding = 4; lastKnownFileType = sourcecode.c.h; path = AlignedBox.h; sourceTree = "<group>"; };
		14E2EA681CB2B2B0008D7B8A /* AngleAxis.h */ = {isa = PBXFileReference; fileEncoding = 4; lastKnownFileType = sourcecode.c.h; path = AngleAxis.h; sourceTree = "<group>"; };
		14E2EA6A1CB2B2B0008D7B8A /* CMakeLists.txt */ = {isa = PBXFileReference; fileEncoding = 4; lastKnownFileType = text; path = CMakeLists.txt; sourceTree = "<group>"; };
		14E2EA6B1CB2B2B0008D7B8A /* Geometry_SSE.h */ = {isa = PBXFileReference; fileEncoding = 4; lastKnownFileType = sourcecode.c.h; path = Geometry_SSE.h; sourceTree = "<group>"; };
		14E2EA6C1CB2B2B0008D7B8A /* CMakeLists.txt */ = {isa = PBXFileReference; fileEncoding = 4; lastKnownFileType = text; path = CMakeLists.txt; sourceTree = "<group>"; };
		14E2EA6D1CB2B2B0008D7B8A /* EulerAngles.h */ = {isa = PBXFileReference; fileEncoding = 4; lastKnownFileType = sourcecode.c.h; path = EulerAngles.h; sourceTree = "<group>"; };
		14E2EA6E1CB2B2B0008D7B8A /* Homogeneous.h */ = {isa = PBXFileReference; fileEncoding = 4; lastKnownFileType = sourcecode.c.h; path = Homogeneous.h; sourceTree = "<group>"; };
		14E2EA6F1CB2B2B0008D7B8A /* Hyperplane.h */ = {isa = PBXFileReference; fileEncoding = 4; lastKnownFileType = sourcecode.c.h; path = Hyperplane.h; sourceTree = "<group>"; };
		14E2EA701CB2B2B0008D7B8A /* OrthoMethods.h */ = {isa = PBXFileReference; fileEncoding = 4; lastKnownFileType = sourcecode.c.h; path = OrthoMethods.h; sourceTree = "<group>"; };
		14E2EA711CB2B2B0008D7B8A /* ParametrizedLine.h */ = {isa = PBXFileReference; fileEncoding = 4; lastKnownFileType = sourcecode.c.h; path = ParametrizedLine.h; sourceTree = "<group>"; };
		14E2EA721CB2B2B0008D7B8A /* Quaternion.h */ = {isa = PBXFileReference; fileEncoding = 4; lastKnownFileType = sourcecode.c.h; path = Quaternion.h; sourceTree = "<group>"; };
		14E2EA731CB2B2B0008D7B8A /* Rotation2D.h */ = {isa = PBXFileReference; fileEncoding = 4; lastKnownFileType = sourcecode.c.h; path = Rotation2D.h; sourceTree = "<group>"; };
		14E2EA741CB2B2B0008D7B8A /* RotationBase.h */ = {isa = PBXFileReference; fileEncoding = 4; lastKnownFileType = sourcecode.c.h; path = RotationBase.h; sourceTree = "<group>"; };
		14E2EA751CB2B2B0008D7B8A /* Scaling.h */ = {isa = PBXFileReference; fileEncoding = 4; lastKnownFileType = sourcecode.c.h; path = Scaling.h; sourceTree = "<group>"; };
		14E2EA761CB2B2B0008D7B8A /* Transform.h */ = {isa = PBXFileReference; fileEncoding = 4; lastKnownFileType = sourcecode.c.h; path = Transform.h; sourceTree = "<group>"; };
		14E2EA771CB2B2B0008D7B8A /* Translation.h */ = {isa = PBXFileReference; fileEncoding = 4; lastKnownFileType = sourcecode.c.h; path = Translation.h; sourceTree = "<group>"; };
		14E2EA781CB2B2B0008D7B8A /* Umeyama.h */ = {isa = PBXFileReference; fileEncoding = 4; lastKnownFileType = sourcecode.c.h; path = Umeyama.h; sourceTree = "<group>"; };
		14E2EA7A1CB2B2B0008D7B8A /* BlockHouseholder.h */ = {isa = PBXFileReference; fileEncoding = 4; lastKnownFileType = sourcecode.c.h; path = BlockHouseholder.h; sourceTree = "<group>"; };
		14E2EA7B1CB2B2B0008D7B8A /* CMakeLists.txt */ = {isa = PBXFileReference; fileEncoding = 4; lastKnownFileType = text; path = CMakeLists.txt; sourceTree = "<group>"; };
		14E2EA7C1CB2B2B0008D7B8A /* Householder.h */ = {isa = PBXFileReference; fileEncoding = 4; lastKnownFileType = sourcecode.c.h; path = Householder.h; sourceTree = "<group>"; };
		14E2EA7D1CB2B2B0008D7B8A /* HouseholderSequence.h */ = {isa = PBXFileReference; fileEncoding = 4; lastKnownFileType = sourcecode.c.h; path = HouseholderSequence.h; sourceTree = "<group>"; };
		14E2EA7F1CB2B2B0008D7B8A /* BasicPreconditioners.h */ = {isa = PBXFileReference; fileEncoding = 4; lastKnownFileType = sourcecode.c.h; path = BasicPreconditioners.h; sourceTree = "<group>"; };
		14E2EA801CB2B2B0008D7B8A /* BiCGSTAB.h */ = {isa = PBXFileReference; fileEncoding = 4; lastKnownFileType = sourcecode.c.h; path = BiCGSTAB.h; sourceTree = "<group>"; };
		14E2EA811CB2B2B0008D7B8A /* CMakeLists.txt */ = {isa = PBXFileReference; fileEncoding = 4; lastKnownFileType = text; path = CMakeLists.txt; sourceTree = "<group>"; };
		14E2EA821CB2B2B0008D7B8A /* ConjugateGradient.h */ = {isa = PBXFileReference; fileEncoding = 4; lastKnownFileType = sourcecode.c.h; path = ConjugateGradient.h; sourceTree = "<group>"; };
		14E2EA831CB2B2B0008D7B8A /* IncompleteLUT.h */ = {isa = PBXFileReference; fileEncoding = 4; lastKnownFileType = sourcecode.c.h; path = IncompleteLUT.h; sourceTree = "<group>"; };
		14E2EA841CB2B2B0008D7B8A /* IterativeSolverBase.h */ = {isa = PBXFileReference; fileEncoding = 4; lastKnownFileType = sourcecode.c.h; path = IterativeSolverBase.h; sourceTree = "<group>"; };
		14E2EA861CB2B2B0008D7B8A /* CMakeLists.txt */ = {isa = PBXFileReference; fileEncoding = 4; lastKnownFileType = text; path = CMakeLists.txt; sourceTree = "<group>"; };
		14E2EA871CB2B2B0008D7B8A /* Jacobi.h */ = {isa = PBXFileReference; fileEncoding = 4; lastKnownFileType = sourcecode.c.h; path = Jacobi.h; sourceTree = "<group>"; };
		14E2EA8A1CB2B2B0008D7B8A /* CMakeLists.txt */ = {isa = PBXFileReference; fileEncoding = 4; lastKnownFileType = text; path = CMakeLists.txt; sourceTree = "<group>"; };
		14E2EA8B1CB2B2B0008D7B8A /* Inverse_SSE.h */ = {isa = PBXFileReference; fileEncoding = 4; lastKnownFileType = sourcecode.c.h; path = Inverse_SSE.h; sourceTree = "<group>"; };
		14E2EA8C1CB2B2B0008D7B8A /* CMakeLists.txt */ = {isa = PBXFileReference; fileEncoding = 4; lastKnownFileType = text; path = CMakeLists.txt; sourceTree = "<group>"; };
		14E2EA8D1CB2B2B0008D7B8A /* Determinant.h */ = {isa = PBXFileReference; fileEncoding = 4; lastKnownFileType = sourcecode.c.h; path = Determinant.h; sourceTree = "<group>"; };
		14E2EA8E1CB2B2B0008D7B8A /* FullPivLU.h */ = {isa = PBXFileReference; fileEncoding = 4; lastKnownFileType = sourcecode.c.h; path = FullPivLU.h; sourceTree = "<group>"; };
		14E2EA8F1CB2B2B0008D7B8A /* Inverse.h */ = {isa = PBXFileReference; fileEncoding = 4; lastKnownFileType = sourcecode.c.h; path = Inverse.h; sourceTree = "<group>"; };
		14E2EA901CB2B2B0008D7B8A /* PartialPivLU.h */ = {isa = PBXFileReference; fileEncoding = 4; lastKnownFileType = sourcecode.c.h; path = PartialPivLU.h; sourceTree = "<group>"; };
		14E2EA911CB2B2B0008D7B8A /* PartialPivLU_MKL.h */ = {isa = PBXFileReference; fileEncoding = 4; lastKnownFileType = sourcecode.c.h; path = PartialPivLU_MKL.h; sourceTree = "<group>"; };
		14E2EA931CB2B2B0008D7B8A /* CMakeLists.txt */ = {isa = PBXFileReference; fileEncoding = 4; lastKnownFileType = text; path = CMakeLists.txt; sourceTree = "<group>"; };
		14E2EA941CB2B2B0008D7B8A /* MetisSupport.h */ = {isa = PBXFileReference; fileEncoding = 4; lastKnownFileType = sourcecode.c.h; path = MetisSupport.h; sourceTree = "<group>"; };
		14E2EA961CB2B2B0008D7B8A /* blas.h */ = {isa = PBXFileReference; fileEncoding = 4; lastKnownFileType = sourcecode.c.h; path = blas.h; sourceTree = "<group>"; };
		14E2EA971CB2B2B0008D7B8A /* CMakeLists.txt */ = {isa = PBXFileReference; fileEncoding = 4; lastKnownFileType = text; path = CMakeLists.txt; sourceTree = "<group>"; };
		14E2EA981CB2B2B0008D7B8A /* Image.h */ = {isa = PBXFileReference; fileEncoding = 4; lastKnownFileType = sourcecode.c.h; path = Image.h; sourceTree = "<group>"; };
		14E2EA991CB2B2B0008D7B8A /* Kernel.h */ = {isa = PBXFileReference; fileEncoding = 4; lastKnownFileType = sourcecode.c.h; path = Kernel.h; sourceTree = "<group>"; };
		14E2EA9A1CB2B2B0008D7B8A /* Solve.h */ = {isa = PBXFileReference; fileEncoding = 4; lastKnownFileType = sourcecode.c.h; path = Solve.h; sourceTree = "<group>"; };
		14E2EA9B1CB2B2B0008D7B8A /* SparseSolve.h */ = {isa = PBXFileReference; fileEncoding = 4; lastKnownFileType = sourcecode.c.h; path = SparseSolve.h; sourceTree = "<group>"; };
		14E2EA9D1CB2B2B0008D7B8A /* Amd.h */ = {isa = PBXFileReference; fileEncoding = 4; lastKnownFileType = sourcecode.c.h; path = Amd.h; sourceTree = "<group>"; };
		14E2EA9E1CB2B2B0008D7B8A /* CMakeLists.txt */ = {isa = PBXFileReference; fileEncoding = 4; lastKnownFileType = text; path = CMakeLists.txt; sourceTree = "<group>"; };
		14E2EA9F1CB2B2B0008D7B8A /* Eigen_Colamd.h */ = {isa = PBXFileReference; fileEncoding = 4; lastKnownFileType = sourcecode.c.h; path = Eigen_Colamd.h; sourceTree = "<group>"; };
		14E2EAA01CB2B2B0008D7B8A /* Ordering.h */ = {isa = PBXFileReference; fileEncoding = 4; lastKnownFileType = sourcecode.c.h; path = Ordering.h; sourceTree = "<group>"; };
		14E2EAA21CB2B2B0008D7B8A /* CMakeLists.txt */ = {isa = PBXFileReference; fileEncoding = 4; lastKnownFileType = text; path = CMakeLists.txt; sourceTree = "<group>"; };
		14E2EAA31CB2B2B0008D7B8A /* PardisoSupport.h */ = {isa = PBXFileReference; fileEncoding = 4; lastKnownFileType = sourcecode.c.h; path = PardisoSupport.h; sourceTree = "<group>"; };
		14E2EAA51CB2B2B0008D7B8A /* CMakeLists.txt */ = {isa = PBXFileReference; fileEncoding = 4; lastKnownFileType = text; path = CMakeLists.txt; sourceTree = "<group>"; };
		14E2EAA61CB2B2B0008D7B8A /* PaStiXSupport.h */ = {isa = PBXFileReference; fileEncoding = 4; lastKnownFileType = sourcecode.c.h; path = PaStiXSupport.h; sourceTree = "<group>"; };
		14E2EAA81CB2B2B0008D7B8A /* ArrayCwiseBinaryOps.h */ = {isa = PBXFileReference; fileEncoding = 4; lastKnownFileType = sourcecode.c.h; path = ArrayCwiseBinaryOps.h; sourceTree = "<group>"; };
		14E2EAA91CB2B2B0008D7B8A /* ArrayCwiseUnaryOps.h */ = {isa = PBXFileReference; fileEncoding = 4; lastKnownFileType = sourcecode.c.h; path = ArrayCwiseUnaryOps.h; sourceTree = "<group>"; };
		14E2EAAA1CB2B2B0008D7B8A /* BlockMethods.h */ = {isa = PBXFileReference; fileEncoding = 4; lastKnownFileType = sourcecode.c.h; path = BlockMethods.h; sourceTree = "<group>"; };
		14E2EAAB1CB2B2B0008D7B8A /* CMakeLists.txt */ = {isa = PBXFileReference; fileEncoding = 4; lastKnownFileType = text; path = CMakeLists.txt; sourceTree = "<group>"; };
		14E2EAAC1CB2B2B0008D7B8A /* CommonCwiseBinaryOps.h */ = {isa = PBXFileReference; fileEncoding = 4; lastKnownFileType = sourcecode.c.h; path = CommonCwiseBinaryOps.h; sourceTree = "<group>"; };
		14E2EAAD1CB2B2B0008D7B8A /* CommonCwiseUnaryOps.h */ = {isa = PBXFileReference; fileEncoding = 4; lastKnownFileType = sourcecode.c.h; path = CommonCwiseUnaryOps.h; sourceTree = "<group>"; };
		14E2EAAE1CB2B2B0008D7B8A /* MatrixCwiseBinaryOps.h */ = {isa = PBXFileReference; fileEncoding = 4; lastKnownFileType = sourcecode.c.h; path = MatrixCwiseBinaryOps.h; sourceTree = "<group>"; };
		14E2EAAF1CB2B2B0008D7B8A /* MatrixCwiseUnaryOps.h */ = {isa = PBXFileReference; fileEncoding = 4; lastKnownFileType = sourcecode.c.h; path = MatrixCwiseUnaryOps.h; sourceTree = "<group>"; };
		14E2EAB11CB2B2B0008D7B8A /* CMakeLists.txt */ = {isa = PBXFileReference; fileEncoding = 4; lastKnownFileType = text; path = CMakeLists.txt; sourceTree = "<group>"; };
		14E2EAB21CB2B2B0008D7B8A /* ColPivHouseholderQR.h */ = {isa = PBXFileReference; fileEncoding = 4; lastKnownFileType = sourcecode.c.h; path = ColPivHouseholderQR.h; sourceTree = "<group>"; };
		14E2EAB31CB2B2B0008D7B8A /* ColPivHouseholderQR_MKL.h */ = {isa = PBXFileReference; fileEncoding = 4; lastKnownFileType = sourcecode.c.h; path = ColPivHouseholderQR_MKL.h; sourceTree = "<group>"; };
		14E2EAB41CB2B2B0008D7B8A /* FullPivHouseholderQR.h */ = {isa = PBXFileReference; fileEncoding = 4; lastKnownFileType = sourcecode.c.h; path = FullPivHouseholderQR.h; sourceTree = "<group>"; };
		14E2EAB51CB2B2B0008D7B8A /* HouseholderQR.h */ = {isa = PBXFileReference; fileEncoding = 4; lastKnownFileType = sourcecode.c.h; path = HouseholderQR.h; sourceTree = "<group>"; };
		14E2EAB61CB2B2B0008D7B8A /* HouseholderQR_MKL.h */ = {isa = PBXFileReference; fileEncoding = 4; lastKnownFileType = sourcecode.c.h; path = HouseholderQR_MKL.h; sourceTree = "<group>"; };
		14E2EAB81CB2B2B0008D7B8A /* CMakeLists.txt */ = {isa = PBXFileReference; fileEncoding = 4; lastKnownFileType = text; path = CMakeLists.txt; sourceTree = "<group>"; };
		14E2EAB91CB2B2B0008D7B8A /* SimplicialCholesky.h */ = {isa = PBXFileReference; fileEncoding = 4; lastKnownFileType = sourcecode.c.h; path = SimplicialCholesky.h; sourceTree = "<group>"; };
		14E2EABA1CB2B2B0008D7B8A /* SimplicialCholesky_impl.h */ = {isa = PBXFileReference; fileEncoding = 4; lastKnownFileType = sourcecode.c.h; path = SimplicialCholesky_impl.h; sourceTree = "<group>"; };
		14E2EABC1CB2B2B0008D7B8A /* AmbiVector.h */ = {isa = PBXFileReference; fileEncoding = 4; lastKnownFileType = sourcecode.c.h; path = AmbiVector.h; sourceTree = "<group>"; };
		14E2EABD1CB2B2B0008D7B8A /* CMakeLists.txt */ = {isa = PBXFileReference; fileEncoding = 4; lastKnownFileType = text; path = CMakeLists.txt; sourceTree = "<group>"; };
		14E2EABE1CB2B2B0008D7B8A /* CompressedStorage.h */ = {isa = PBXFileReference; fileEncoding = 4; lastKnownFileType = sourcecode.c.h; path = CompressedStorage.h; sourceTree = "<group>"; };
		14E2EABF1CB2B2B0008D7B8A /* ConservativeSparseSparseProduct.h */ = {isa = PBXFileReference; fileEncoding = 4; lastKnownFileType = sourcecode.c.h; path = ConservativeSparseSparseProduct.h; sourceTree = "<group>"; };
		14E2EAC01CB2B2B0008D7B8A /* MappedSparseMatrix.h */ = {isa = PBXFileReference; fileEncoding = 4; lastKnownFileType = sourcecode.c.h; path = MappedSparseMatrix.h; sourceTree = "<group>"; };
		14E2EAC11CB2B2B0008D7B8A /* SparseBlock.h */ = {isa = PBXFileReference; fileEncoding = 4; lastKnownFileType = sourcecode.c.h; path = SparseBlock.h; sourceTree = "<group>"; };
		14E2EAC21CB2B2B0008D7B8A /* SparseColEtree.h */ = {isa = PBXFileReference; fileEncoding = 4; lastKnownFileType = sourcecode.c.h; path = SparseColEtree.h; sourceTree = "<group>"; };
		14E2EAC31CB2B2B0008D7B8A /* SparseCwiseBinaryOp.h */ = {isa = PBXFileReference; fileEncoding = 4; lastKnownFileType = sourcecode.c.h; path = SparseCwiseBinaryOp.h; sourceTree = "<group>"; };
		14E2EAC41CB2B2B0008D7B8A /* SparseCwiseUnaryOp.h */ = {isa = PBXFileReference; fileEncoding = 4; lastKnownFileType = sourcecode.c.h; path = SparseCwiseUnaryOp.h; sourceTree = "<group>"; };
		14E2EAC51CB2B2B0008D7B8A /* SparseDenseProduct.h */ = {isa = PBXFileReference; fileEncoding = 4; lastKnownFileType = sourcecode.c.h; path = SparseDenseProduct.h; sourceTree = "<group>"; };
		14E2EAC61CB2B2B0008D7B8A /* SparseDiagonalProduct.h */ = {isa = PBXFileReference; fileEncoding = 4; lastKnownFileType = sourcecode.c.h; path = SparseDiagonalProduct.h; sourceTree = "<group>"; };
		14E2EAC71CB2B2B0008D7B8A /* SparseDot.h */ = {isa = PBXFileReference; fileEncoding = 4; lastKnownFileType = sourcecode.c.h; path = SparseDot.h; sourceTree = "<group>"; };
		14E2EAC81CB2B2B0008D7B8A /* SparseFuzzy.h */ = {isa = PBXFileReference; fileEncoding = 4; lastKnownFileType = sourcecode.c.h; path = SparseFuzzy.h; sourceTree = "<group>"; };
		14E2EAC91CB2B2B0008D7B8A /* SparseMatrix.h */ = {isa = PBXFileReference; fileEncoding = 4; lastKnownFileType = sourcecode.c.h; path = SparseMatrix.h; sourceTree = "<group>"; };
		14E2EACA1CB2B2B0008D7B8A /* SparseMatrixBase.h */ = {isa = PBXFileReference; fileEncoding = 4; lastKnownFileType = sourcecode.c.h; path = SparseMatrixBase.h; sourceTree = "<group>"; };
		14E2EACB1CB2B2B0008D7B8A /* SparsePermutation.h */ = {isa = PBXFileReference; fileEncoding = 4; lastKnownFileType = sourcecode.c.h; path = SparsePermutation.h; sourceTree = "<group>"; };
		14E2EACC1CB2B2B0008D7B8A /* SparseProduct.h */ = {isa = PBXFileReference; fileEncoding = 4; lastKnownFileType = sourcecode.c.h; path = SparseProduct.h; sourceTree = "<group>"; };
		14E2EACD1CB2B2B0008D7B8A /* SparseRedux.h */ = {isa = PBXFileReference; fileEncoding = 4; lastKnownFileType = sourcecode.c.h; path = SparseRedux.h; sourceTree = "<group>"; };
		14E2EACE1CB2B2B0008D7B8A /* SparseSelfAdjointView.h */ = {isa = PBXFileReference; fileEncoding = 4; lastKnownFileType = sourcecode.c.h; path = SparseSelfAdjointView.h; sourceTree = "<group>"; };
		14E2EACF1CB2B2B0008D7B8A /* SparseSparseProductWithPruning.h */ = {isa = PBXFileReference; fileEncoding = 4; lastKnownFileType = sourcecode.c.h; path = SparseSparseProductWithPruning.h; sourceTree = "<group>"; };
		14E2EAD01CB2B2B0008D7B8A /* SparseTranspose.h */ = {isa = PBXFileReference; fileEncoding = 4; lastKnownFileType = sourcecode.c.h; path = SparseTranspose.h; sourceTree = "<group>"; };
		14E2EAD11CB2B2B0008D7B8A /* SparseTriangularView.h */ = {isa = PBXFileReference; fileEncoding = 4; lastKnownFileType = sourcecode.c.h; path = SparseTriangularView.h; sourceTree = "<group>"; };
		14E2EAD21CB2B2B0008D7B8A /* SparseUtil.h */ = {isa = PBXFileReference; fileEncoding = 4; lastKnownFileType = sourcecode.c.h; path = SparseUtil.h; sourceTree = "<group>"; };
		14E2EAD31CB2B2B0008D7B8A /* SparseVector.h */ = {isa = PBXFileReference; fileEncoding = 4; lastKnownFileType = sourcecode.c.h; path = SparseVector.h; sourceTree = "<group>"; };
		14E2EAD41CB2B2B0008D7B8A /* SparseView.h */ = {isa = PBXFileReference; fileEncoding = 4; lastKnownFileType = sourcecode.c.h; path = SparseView.h; sourceTree = "<group>"; };
		14E2EAD51CB2B2B0008D7B8A /* TriangularSolver.h */ = {isa = PBXFileReference; fileEncoding = 4; lastKnownFileType = sourcecode.c.h; path = TriangularSolver.h; sourceTree = "<group>"; };
		14E2EAD71CB2B2B0008D7B8A /* CMakeLists.txt */ = {isa = PBXFileReference; fileEncoding = 4; lastKnownFileType = text; path = CMakeLists.txt; sourceTree = "<group>"; };
		14E2EAD81CB2B2B0008D7B8A /* SparseLU.h */ = {isa = PBXFileReference; fileEncoding = 4; lastKnownFileType = sourcecode.c.h; path = SparseLU.h; sourceTree = "<group>"; };
		14E2EAD91CB2B2B0008D7B8A /* SparseLU_column_bmod.h */ = {isa = PBXFileReference; fileEncoding = 4; lastKnownFileType = sourcecode.c.h; path = SparseLU_column_bmod.h; sourceTree = "<group>"; };
		14E2EADA1CB2B2B0008D7B8A /* SparseLU_column_dfs.h */ = {isa = PBXFileReference; fileEncoding = 4; lastKnownFileType = sourcecode.c.h; path = SparseLU_column_dfs.h; sourceTree = "<group>"; };
		14E2EADB1CB2B2B0008D7B8A /* SparseLU_copy_to_ucol.h */ = {isa = PBXFileReference; fileEncoding = 4; lastKnownFileType = sourcecode.c.h; path = SparseLU_copy_to_ucol.h; sourceTree = "<group>"; };
		14E2EADC1CB2B2B0008D7B8A /* SparseLU_gemm_kernel.h */ = {isa = PBXFileReference; fileEncoding = 4; lastKnownFileType = sourcecode.c.h; path = SparseLU_gemm_kernel.h; sourceTree = "<group>"; };
		14E2EADD1CB2B2B0008D7B8A /* SparseLU_heap_relax_snode.h */ = {isa = PBXFileReference; fileEncoding = 4; lastKnownFileType = sourcecode.c.h; path = SparseLU_heap_relax_snode.h; sourceTree = "<group>"; };
		14E2EADE1CB2B2B0008D7B8A /* SparseLU_kernel_bmod.h */ = {isa = PBXFileReference; fileEncoding = 4; lastKnownFileType = sourcecode.c.h; path = SparseLU_kernel_bmod.h; sourceTree = "<group>"; };
		14E2EADF1CB2B2B0008D7B8A /* SparseLU_Memory.h */ = {isa = PBXFileReference; fileEncoding = 4; lastKnownFileType = sourcecode.c.h; path = SparseLU_Memory.h; sourceTree = "<group>"; };
		14E2EAE01CB2B2B0008D7B8A /* SparseLU_panel_bmod.h */ = {isa = PBXFileReference; fileEncoding = 4; lastKnownFileType = sourcecode.c.h; path = SparseLU_panel_bmod.h; sourceTree = "<group>"; };
		14E2EAE11CB2B2B0008D7B8A /* SparseLU_panel_dfs.h */ = {isa = PBXFileReference; fileEncoding = 4; lastKnownFileType = sourcecode.c.h; path = SparseLU_panel_dfs.h; sourceTree = "<group>"; };
		14E2EAE21CB2B2B0008D7B8A /* SparseLU_pivotL.h */ = {isa = PBXFileReference; fileEncoding = 4; lastKnownFileType = sourcecode.c.h; path = SparseLU_pivotL.h; sourceTree = "<group>"; };
		14E2EAE31CB2B2B0008D7B8A /* SparseLU_pruneL.h */ = {isa = PBXFileReference; fileEncoding = 4; lastKnownFileType = sourcecode.c.h; path = SparseLU_pruneL.h; sourceTree = "<group>"; };
		14E2EAE41CB2B2B0008D7B8A /* SparseLU_relax_snode.h */ = {isa = PBXFileReference; fileEncoding = 4; lastKnownFileType = sourcecode.c.h; path = SparseLU_relax_snode.h; sourceTree = "<group>"; };
		14E2EAE51CB2B2B0008D7B8A /* SparseLU_Structs.h */ = {isa = PBXFileReference; fileEncoding = 4; lastKnownFileType = sourcecode.c.h; path = SparseLU_Structs.h; sourceTree = "<group>"; };
		14E2EAE61CB2B2B0008D7B8A /* SparseLU_SupernodalMatrix.h */ = {isa = PBXFileReference; fileEncoding = 4; lastKnownFileType = sourcecode.c.h; path = SparseLU_SupernodalMatrix.h; sourceTree = "<group>"; };
		14E2EAE71CB2B2B0008D7B8A /* SparseLU_Utils.h */ = {isa = PBXFileReference; fileEncoding = 4; lastKnownFileType = sourcecode.c.h; path = SparseLU_Utils.h; sourceTree = "<group>"; };
		14E2EAE81CB2B2B0008D7B8A /* SparseLUImpl.h */ = {isa = PBXFileReference; fileEncoding = 4; lastKnownFileType = sourcecode.c.h; path = SparseLUImpl.h; sourceTree = "<group>"; };
		14E2EAEA1CB2B2B0008D7B8A /* CMakeLists.txt */ = {isa = PBXFileReference; fileEncoding = 4; lastKnownFileType = text; path = CMakeLists.txt; sourceTree = "<group>"; };
		14E2EAEB1CB2B2B0008D7B8A /* SparseQR.h */ = {isa = PBXFileReference; fileEncoding = 4; lastKnownFileType = sourcecode.c.h; path = SparseQR.h; sourceTree = "<group>"; };
		14E2EAED1CB2B2B0008D7B8A /* CMakeLists.txt */ = {isa = PBXFileReference; fileEncoding = 4; lastKnownFileType = text; path = CMakeLists.txt; sourceTree = "<group>"; };
		14E2EAEE1CB2B2B0008D7B8A /* SuiteSparseQRSupport.h */ = {isa = PBXFileReference; fileEncoding = 4; lastKnownFileType = sourcecode.c.h; path = SuiteSparseQRSupport.h; sourceTree = "<group>"; };
		14E2EAF01CB2B2B0008D7B8A /* CMakeLists.txt */ = {isa = PBXFileReference; fileEncoding = 4; lastKnownFileType = text; path = CMakeLists.txt; sourceTree = "<group>"; };
		14E2EAF11CB2B2B0008D7B8A /* details.h */ = {isa = PBXFileReference; fileEncoding = 4; lastKnownFileType = sourcecode.c.h; path = details.h; sourceTree = "<group>"; };
		14E2EAF21CB2B2B0008D7B8A /* StdDeque.h */ = {isa = PBXFileReference; fileEncoding = 4; lastKnownFileType = sourcecode.c.h; path = StdDeque.h; sourceTree = "<group>"; };
		14E2EAF31CB2B2B0008D7B8A /* StdList.h */ = {isa = PBXFileReference; fileEncoding = 4; lastKnownFileType = sourcecode.c.h; path = StdList.h; sourceTree = "<group>"; };
		14E2EAF41CB2B2B0008D7B8A /* StdVector.h */ = {isa = PBXFileReference; fileEncoding = 4; lastKnownFileType = sourcecode.c.h; path = StdVector.h; sourceTree = "<group>"; };
		14E2EAF61CB2B2B0008D7B8A /* CMakeLists.txt */ = {isa = PBXFileReference; fileEncoding = 4; lastKnownFileType = text; path = CMakeLists.txt; sourceTree = "<group>"; };
		14E2EAF71CB2B2B0008D7B8A /* SuperLUSupport.h */ = {isa = PBXFileReference; fileEncoding = 4; lastKnownFileType = sourcecode.c.h; path = SuperLUSupport.h; sourceTree = "<group>"; };
		14E2EAF91CB2B2B0008D7B8A /* CMakeLists.txt */ = {isa = PBXFileReference; fileEncoding = 4; lastKnownFileType = text; path = CMakeLists.txt; sourceTree = "<group>"; };
		14E2EAFA1CB2B2B0008D7B8A /* JacobiSVD.h */ = {isa = PBXFileReference; fileEncoding = 4; lastKnownFileType = sourcecode.c.h; path = JacobiSVD.h; sourceTree = "<group>"; };
		14E2EAFB1CB2B2B0008D7B8A /* JacobiSVD_MKL.h */ = {isa = PBXFileReference; fileEncoding = 4; lastKnownFileType = sourcecode.c.h; path = JacobiSVD_MKL.h; sourceTree = "<group>"; };
		14E2EAFC1CB2B2B0008D7B8A /* UpperBidiagonalization.h */ = {isa = PBXFileReference; fileEncoding = 4; lastKnownFileType = sourcecode.c.h; path = UpperBidiagonalization.h; sourceTree = "<group>"; };
		14E2EAFE1CB2B2B0008D7B8A /* CMakeLists.txt */ = {isa = PBXFileReference; fileEncoding = 4; lastKnownFileType = text; path = CMakeLists.txt; sourceTree = "<group>"; };
		14E2EAFF1CB2B2B0008D7B8A /* UmfPackSupport.h */ = {isa = PBXFileReference; fileEncoding = 4; lastKnownFileType = sourcecode.c.h; path = UmfPackSupport.h; sourceTree = "<group>"; };
		14E2EB001CB2B2B0008D7B8A /* StdDeque */ = {isa = PBXFileReference; fileEncoding = 4; lastKnownFileType = text; path = StdDeque; sourceTree = "<group>"; };
		14E2EB011CB2B2B0008D7B8A /* StdList */ = {isa = PBXFileReference; fileEncoding = 4; lastKnownFileType = text; path = StdList; sourceTree = "<group>"; };
		14E2EB021CB2B2B0008D7B8A /* StdVector */ = {isa = PBXFileReference; fileEncoding = 4; lastKnownFileType = text; path = StdVector; sourceTree = "<group>"; };
		14E2EB031CB2B2B0008D7B8A /* SuperLUSupport */ = {isa = PBXFileReference; fileEncoding = 4; lastKnownFileType = text; path = SuperLUSupport; sourceTree = "<group>"; };
		14E2EB041CB2B2B0008D7B8A /* SVD */ = {isa = PBXFileReference; fileEncoding = 4; lastKnownFileType = text; path = SVD; sourceTree = "<group>"; };
		14E2EB051CB2B2B0008D7B8A /* UmfPackSupport */ = {isa = PBXFileReference; fileEncoding = 4; lastKnownFileType = text; path = UmfPackSupport; sourceTree = "<group>"; };
		E4328143138ABC890047C5CB /* openFrameworksLib.xcodeproj */ = {isa = PBXFileReference; lastKnownFileType = "wrapper.pb-project"; name = openFrameworksLib.xcodeproj; path = ../../../libs/openFrameworksCompiled/project/osx/openFrameworksLib.xcodeproj; sourceTree = SOURCE_ROOT; };
		E4B69B5B0A3A1756003C02F2 /* Face2FaceDebug.app */ = {isa = PBXFileReference; explicitFileType = wrapper.application; includeInIndex = 0; path = Face2FaceDebug.app; sourceTree = BUILT_PRODUCTS_DIR; };
		E4B69E1D0A3A1BDC003C02F2 /* main.cpp */ = {isa = PBXFileReference; fileEncoding = 30; lastKnownFileType = sourcecode.cpp.cpp; name = main.cpp; path = src/main.cpp; sourceTree = SOURCE_ROOT; };
		E4B69E1E0A3A1BDC003C02F2 /* ofApp.cpp */ = {isa = PBXFileReference; explicitFileType = sourcecode.cpp.cpp; fileEncoding = 4; name = ofApp.cpp; path = src/ofApp.cpp; sourceTree = SOURCE_ROOT; };
		E4B69E1F0A3A1BDC003C02F2 /* ofApp.h */ = {isa = PBXFileReference; fileEncoding = 30; lastKnownFileType = sourcecode.c.h; name = ofApp.h; path = src/ofApp.h; sourceTree = SOURCE_ROOT; };
		E4B6FCAD0C3E899E008CF71C /* openFrameworks-Info.plist */ = {isa = PBXFileReference; fileEncoding = 30; lastKnownFileType = text.plist.xml; path = "openFrameworks-Info.plist"; sourceTree = "<group>"; };
		E4EB691F138AFCF100A09F29 /* CoreOF.xcconfig */ = {isa = PBXFileReference; fileEncoding = 4; lastKnownFileType = text.xcconfig; name = CoreOF.xcconfig; path = ../../../libs/openFrameworksCompiled/project/osx/CoreOF.xcconfig; sourceTree = SOURCE_ROOT; };
		E4EB6923138AFD0F00A09F29 /* Project.xcconfig */ = {isa = PBXFileReference; fileEncoding = 4; lastKnownFileType = text.xcconfig; path = Project.xcconfig; sourceTree = "<group>"; };
		F8496C581CB1147A00F301C3 /* tree.h */ = {isa = PBXFileReference; fileEncoding = 4; lastKnownFileType = sourcecode.c.h; path = tree.h; sourceTree = "<group>"; };
		F8496C5C1CB1147A00F301C3 /* ofxTimeMeasurements.cpp */ = {isa = PBXFileReference; fileEncoding = 4; lastKnownFileType = sourcecode.cpp.cpp; path = ofxTimeMeasurements.cpp; sourceTree = "<group>"; };
		F8496C5D1CB1147A00F301C3 /* ofxTimeMeasurements.h */ = {isa = PBXFileReference; fileEncoding = 4; lastKnownFileType = sourcecode.c.h; path = ofxTimeMeasurements.h; sourceTree = "<group>"; };
		F8496C5E1CB1147A00F301C3 /* ofxTimeMeasurementsMacros.h */ = {isa = PBXFileReference; fileEncoding = 4; lastKnownFileType = sourcecode.c.h; path = ofxTimeMeasurementsMacros.h; sourceTree = "<group>"; };
		F8496C5F1CB1147A00F301C3 /* ofxTimeMeasurementsScoped.h */ = {isa = PBXFileReference; fileEncoding = 4; lastKnownFileType = sourcecode.c.h; path = ofxTimeMeasurementsScoped.h; sourceTree = "<group>"; };
/* End PBXFileReference section */

/* Begin PBXFrameworksBuildPhase section */
		E4B69B590A3A1756003C02F2 /* Frameworks */ = {
			isa = PBXFrameworksBuildPhase;
			buildActionMask = 2147483647;
			files = (
				E4328149138ABC9F0047C5CB /* openFrameworksDebug.a in Frameworks */,
			);
			runOnlyForDeploymentPostprocessing = 0;
		};
/* End PBXFrameworksBuildPhase section */

/* Begin PBXGroup section */
		14E2E99C1CB2B2B0008D7B8A /* Eigen */ = {
			isa = PBXGroup;
			children = (
				14E2E99D1CB2B2B0008D7B8A /* Array */,
				14E2E99E1CB2B2B0008D7B8A /* Cholesky */,
				14E2E99F1CB2B2B0008D7B8A /* CholmodSupport */,
				14E2E9A01CB2B2B0008D7B8A /* CMakeLists.txt */,
				14E2E9A11CB2B2B0008D7B8A /* Core */,
				14E2E9A21CB2B2B0008D7B8A /* Dense */,
				14E2E9A31CB2B2B0008D7B8A /* Eigen */,
				14E2E9A41CB2B2B0008D7B8A /* Eigen2Support */,
				14E2E9A51CB2B2B0008D7B8A /* Eigenvalues */,
				14E2E9A61CB2B2B0008D7B8A /* Geometry */,
				14E2E9A71CB2B2B0008D7B8A /* Householder */,
				14E2E9A81CB2B2B0008D7B8A /* IterativeLinearSolvers */,
				14E2E9A91CB2B2B0008D7B8A /* Jacobi */,
				14E2E9AA1CB2B2B0008D7B8A /* LeastSquares */,
				14E2E9AB1CB2B2B0008D7B8A /* LU */,
				14E2E9AC1CB2B2B0008D7B8A /* MetisSupport */,
				14E2E9AD1CB2B2B0008D7B8A /* OrderingMethods */,
				14E2E9AE1CB2B2B0008D7B8A /* PardisoSupport */,
				14E2E9AF1CB2B2B0008D7B8A /* PaStiXSupport */,
				14E2E9B01CB2B2B0008D7B8A /* QR */,
				14E2E9B11CB2B2B0008D7B8A /* QtAlignedMalloc */,
				14E2E9B21CB2B2B0008D7B8A /* Sparse */,
				14E2E9B31CB2B2B0008D7B8A /* SparseCholesky */,
				14E2E9B41CB2B2B0008D7B8A /* SparseCore */,
				14E2E9B51CB2B2B0008D7B8A /* SparseLU */,
				14E2E9B61CB2B2B0008D7B8A /* SparseQR */,
				14E2E9B71CB2B2B0008D7B8A /* SPQRSupport */,
				14E2E9B81CB2B2B0008D7B8A /* src */,
				14E2EB001CB2B2B0008D7B8A /* StdDeque */,
				14E2EB011CB2B2B0008D7B8A /* StdList */,
				14E2EB021CB2B2B0008D7B8A /* StdVector */,
				14E2EB031CB2B2B0008D7B8A /* SuperLUSupport */,
				14E2EB041CB2B2B0008D7B8A /* SVD */,
				14E2EB051CB2B2B0008D7B8A /* UmfPackSupport */,
			);
			name = Eigen;
			path = extAddons/Eigen;
			sourceTree = "<group>";
		};
		14E2E9B81CB2B2B0008D7B8A /* src */ = {
			isa = PBXGroup;
			children = (
				14E2E9B91CB2B2B0008D7B8A /* Cholesky */,
				14E2E9BE1CB2B2B0008D7B8A /* CholmodSupport */,
				14E2E9C11CB2B2B0008D7B8A /* CMakeLists.txt */,
				14E2E9C21CB2B2B0008D7B8A /* Core */,
				14E2EA381CB2B2B0008D7B8A /* Eigen2Support */,
				14E2EA561CB2B2B0008D7B8A /* Eigenvalues */,
				14E2EA661CB2B2B0008D7B8A /* Geometry */,
				14E2EA791CB2B2B0008D7B8A /* Householder */,
				14E2EA7E1CB2B2B0008D7B8A /* IterativeLinearSolvers */,
				14E2EA851CB2B2B0008D7B8A /* Jacobi */,
				14E2EA881CB2B2B0008D7B8A /* LU */,
				14E2EA921CB2B2B0008D7B8A /* MetisSupport */,
				14E2EA951CB2B2B0008D7B8A /* misc */,
				14E2EA9C1CB2B2B0008D7B8A /* OrderingMethods */,
				14E2EAA11CB2B2B0008D7B8A /* PardisoSupport */,
				14E2EAA41CB2B2B0008D7B8A /* PaStiXSupport */,
				14E2EAA71CB2B2B0008D7B8A /* plugins */,
				14E2EAB01CB2B2B0008D7B8A /* QR */,
				14E2EAB71CB2B2B0008D7B8A /* SparseCholesky */,
				14E2EABB1CB2B2B0008D7B8A /* SparseCore */,
				14E2EAD61CB2B2B0008D7B8A /* SparseLU */,
				14E2EAE91CB2B2B0008D7B8A /* SparseQR */,
				14E2EAEC1CB2B2B0008D7B8A /* SPQRSupport */,
				14E2EAEF1CB2B2B0008D7B8A /* StlSupport */,
				14E2EAF51CB2B2B0008D7B8A /* SuperLUSupport */,
				14E2EAF81CB2B2B0008D7B8A /* SVD */,
				14E2EAFD1CB2B2B0008D7B8A /* UmfPackSupport */,
			);
			path = src;
			sourceTree = "<group>";
		};
		14E2E9B91CB2B2B0008D7B8A /* Cholesky */ = {
			isa = PBXGroup;
			children = (
				14E2E9BA1CB2B2B0008D7B8A /* CMakeLists.txt */,
				14E2E9BB1CB2B2B0008D7B8A /* LDLT.h */,
				14E2E9BC1CB2B2B0008D7B8A /* LLT.h */,
				14E2E9BD1CB2B2B0008D7B8A /* LLT_MKL.h */,
			);
			path = Cholesky;
			sourceTree = "<group>";
		};
		14E2E9BE1CB2B2B0008D7B8A /* CholmodSupport */ = {
			isa = PBXGroup;
			children = (
				14E2E9BF1CB2B2B0008D7B8A /* CholmodSupport.h */,
				14E2E9C01CB2B2B0008D7B8A /* CMakeLists.txt */,
			);
			path = CholmodSupport;
			sourceTree = "<group>";
		};
		14E2E9C21CB2B2B0008D7B8A /* Core */ = {
			isa = PBXGroup;
			children = (
				14E2E9C31CB2B2B0008D7B8A /* arch */,
				14E2E9D51CB2B2B0008D7B8A /* Array.h */,
				14E2E9D61CB2B2B0008D7B8A /* ArrayBase.h */,
				14E2E9D71CB2B2B0008D7B8A /* ArrayWrapper.h */,
				14E2E9D81CB2B2B0008D7B8A /* Assign.h */,
				14E2E9D91CB2B2B0008D7B8A /* Assign_MKL.h */,
				14E2E9DA1CB2B2B0008D7B8A /* BandMatrix.h */,
				14E2E9DB1CB2B2B0008D7B8A /* Block.h */,
				14E2E9DC1CB2B2B0008D7B8A /* BooleanRedux.h */,
				14E2E9DD1CB2B2B0008D7B8A /* CMakeLists.txt */,
				14E2E9DE1CB2B2B0008D7B8A /* CommaInitializer.h */,
				14E2E9DF1CB2B2B0008D7B8A /* CoreIterators.h */,
				14E2E9E01CB2B2B0008D7B8A /* CwiseBinaryOp.h */,
				14E2E9E11CB2B2B0008D7B8A /* CwiseNullaryOp.h */,
				14E2E9E21CB2B2B0008D7B8A /* CwiseUnaryOp.h */,
				14E2E9E31CB2B2B0008D7B8A /* CwiseUnaryView.h */,
				14E2E9E41CB2B2B0008D7B8A /* DenseBase.h */,
				14E2E9E51CB2B2B0008D7B8A /* DenseCoeffsBase.h */,
				14E2E9E61CB2B2B0008D7B8A /* DenseStorage.h */,
				14E2E9E71CB2B2B0008D7B8A /* Diagonal.h */,
				14E2E9E81CB2B2B0008D7B8A /* DiagonalMatrix.h */,
				14E2E9E91CB2B2B0008D7B8A /* DiagonalProduct.h */,
				14E2E9EA1CB2B2B0008D7B8A /* Dot.h */,
				14E2E9EB1CB2B2B0008D7B8A /* EigenBase.h */,
				14E2E9EC1CB2B2B0008D7B8A /* Flagged.h */,
				14E2E9ED1CB2B2B0008D7B8A /* ForceAlignedAccess.h */,
				14E2E9EE1CB2B2B0008D7B8A /* Functors.h */,
				14E2E9EF1CB2B2B0008D7B8A /* Fuzzy.h */,
				14E2E9F01CB2B2B0008D7B8A /* GeneralProduct.h */,
				14E2E9F11CB2B2B0008D7B8A /* GenericPacketMath.h */,
				14E2E9F21CB2B2B0008D7B8A /* GlobalFunctions.h */,
				14E2E9F31CB2B2B0008D7B8A /* IO.h */,
				14E2E9F41CB2B2B0008D7B8A /* Map.h */,
				14E2E9F51CB2B2B0008D7B8A /* MapBase.h */,
				14E2E9F61CB2B2B0008D7B8A /* MathFunctions.h */,
				14E2E9F71CB2B2B0008D7B8A /* Matrix.h */,
				14E2E9F81CB2B2B0008D7B8A /* MatrixBase.h */,
				14E2E9F91CB2B2B0008D7B8A /* NestByValue.h */,
				14E2E9FA1CB2B2B0008D7B8A /* NoAlias.h */,
				14E2E9FB1CB2B2B0008D7B8A /* NumTraits.h */,
				14E2E9FC1CB2B2B0008D7B8A /* PermutationMatrix.h */,
				14E2E9FD1CB2B2B0008D7B8A /* PlainObjectBase.h */,
				14E2E9FE1CB2B2B0008D7B8A /* ProductBase.h */,
				14E2E9FF1CB2B2B0008D7B8A /* products */,
				14E2EA171CB2B2B0008D7B8A /* Random.h */,
				14E2EA181CB2B2B0008D7B8A /* Redux.h */,
				14E2EA191CB2B2B0008D7B8A /* Ref.h */,
				14E2EA1A1CB2B2B0008D7B8A /* Replicate.h */,
				14E2EA1B1CB2B2B0008D7B8A /* ReturnByValue.h */,
				14E2EA1C1CB2B2B0008D7B8A /* Reverse.h */,
				14E2EA1D1CB2B2B0008D7B8A /* Select.h */,
				14E2EA1E1CB2B2B0008D7B8A /* SelfAdjointView.h */,
				14E2EA1F1CB2B2B0008D7B8A /* SelfCwiseBinaryOp.h */,
				14E2EA201CB2B2B0008D7B8A /* SolveTriangular.h */,
				14E2EA211CB2B2B0008D7B8A /* StableNorm.h */,
				14E2EA221CB2B2B0008D7B8A /* Stride.h */,
				14E2EA231CB2B2B0008D7B8A /* Swap.h */,
				14E2EA241CB2B2B0008D7B8A /* Transpose.h */,
				14E2EA251CB2B2B0008D7B8A /* Transpositions.h */,
				14E2EA261CB2B2B0008D7B8A /* TriangularMatrix.h */,
				14E2EA271CB2B2B0008D7B8A /* util */,
				14E2EA351CB2B2B0008D7B8A /* VectorBlock.h */,
				14E2EA361CB2B2B0008D7B8A /* VectorwiseOp.h */,
				14E2EA371CB2B2B0008D7B8A /* Visitor.h */,
			);
			path = Core;
			sourceTree = "<group>";
		};
		14E2E9C31CB2B2B0008D7B8A /* arch */ = {
			isa = PBXGroup;
			children = (
				14E2E9C41CB2B2B0008D7B8A /* AltiVec */,
				14E2E9C81CB2B2B0008D7B8A /* CMakeLists.txt */,
				14E2E9C91CB2B2B0008D7B8A /* Default */,
				14E2E9CC1CB2B2B0008D7B8A /* NEON */,
				14E2E9D01CB2B2B0008D7B8A /* SSE */,
			);
			path = arch;
			sourceTree = "<group>";
		};
		14E2E9C41CB2B2B0008D7B8A /* AltiVec */ = {
			isa = PBXGroup;
			children = (
				14E2E9C51CB2B2B0008D7B8A /* CMakeLists.txt */,
				14E2E9C61CB2B2B0008D7B8A /* Complex.h */,
				14E2E9C71CB2B2B0008D7B8A /* PacketMath.h */,
			);
			path = AltiVec;
			sourceTree = "<group>";
		};
		14E2E9C91CB2B2B0008D7B8A /* Default */ = {
			isa = PBXGroup;
			children = (
				14E2E9CA1CB2B2B0008D7B8A /* CMakeLists.txt */,
				14E2E9CB1CB2B2B0008D7B8A /* Settings.h */,
			);
			path = Default;
			sourceTree = "<group>";
		};
		14E2E9CC1CB2B2B0008D7B8A /* NEON */ = {
			isa = PBXGroup;
			children = (
				14E2E9CD1CB2B2B0008D7B8A /* CMakeLists.txt */,
				14E2E9CE1CB2B2B0008D7B8A /* Complex.h */,
				14E2E9CF1CB2B2B0008D7B8A /* PacketMath.h */,
			);
			path = NEON;
			sourceTree = "<group>";
		};
		14E2E9D01CB2B2B0008D7B8A /* SSE */ = {
			isa = PBXGroup;
			children = (
				14E2E9D11CB2B2B0008D7B8A /* CMakeLists.txt */,
				14E2E9D21CB2B2B0008D7B8A /* Complex.h */,
				14E2E9D31CB2B2B0008D7B8A /* MathFunctions.h */,
				14E2E9D41CB2B2B0008D7B8A /* PacketMath.h */,
			);
			path = SSE;
			sourceTree = "<group>";
		};
		14E2E9FF1CB2B2B0008D7B8A /* products */ = {
			isa = PBXGroup;
			children = (
				14E2EA001CB2B2B0008D7B8A /* CMakeLists.txt */,
				14E2EA011CB2B2B0008D7B8A /* CoeffBasedProduct.h */,
				14E2EA021CB2B2B0008D7B8A /* GeneralBlockPanelKernel.h */,
				14E2EA031CB2B2B0008D7B8A /* GeneralMatrixMatrix.h */,
				14E2EA041CB2B2B0008D7B8A /* GeneralMatrixMatrix_MKL.h */,
				14E2EA051CB2B2B0008D7B8A /* GeneralMatrixMatrixTriangular.h */,
				14E2EA061CB2B2B0008D7B8A /* GeneralMatrixMatrixTriangular_MKL.h */,
				14E2EA071CB2B2B0008D7B8A /* GeneralMatrixVector.h */,
				14E2EA081CB2B2B0008D7B8A /* GeneralMatrixVector_MKL.h */,
				14E2EA091CB2B2B0008D7B8A /* Parallelizer.h */,
				14E2EA0A1CB2B2B0008D7B8A /* SelfadjointMatrixMatrix.h */,
				14E2EA0B1CB2B2B0008D7B8A /* SelfadjointMatrixMatrix_MKL.h */,
				14E2EA0C1CB2B2B0008D7B8A /* SelfadjointMatrixVector.h */,
				14E2EA0D1CB2B2B0008D7B8A /* SelfadjointMatrixVector_MKL.h */,
				14E2EA0E1CB2B2B0008D7B8A /* SelfadjointProduct.h */,
				14E2EA0F1CB2B2B0008D7B8A /* SelfadjointRank2Update.h */,
				14E2EA101CB2B2B0008D7B8A /* TriangularMatrixMatrix.h */,
				14E2EA111CB2B2B0008D7B8A /* TriangularMatrixMatrix_MKL.h */,
				14E2EA121CB2B2B0008D7B8A /* TriangularMatrixVector.h */,
				14E2EA131CB2B2B0008D7B8A /* TriangularMatrixVector_MKL.h */,
				14E2EA141CB2B2B0008D7B8A /* TriangularSolverMatrix.h */,
				14E2EA151CB2B2B0008D7B8A /* TriangularSolverMatrix_MKL.h */,
				14E2EA161CB2B2B0008D7B8A /* TriangularSolverVector.h */,
			);
			path = products;
			sourceTree = "<group>";
		};
		14E2EA271CB2B2B0008D7B8A /* util */ = {
			isa = PBXGroup;
			children = (
				14E2EA281CB2B2B0008D7B8A /* BlasUtil.h */,
				14E2EA291CB2B2B0008D7B8A /* CMakeLists.txt */,
				14E2EA2A1CB2B2B0008D7B8A /* Constants.h */,
				14E2EA2B1CB2B2B0008D7B8A /* DisableStupidWarnings.h */,
				14E2EA2C1CB2B2B0008D7B8A /* ForwardDeclarations.h */,
				14E2EA2D1CB2B2B0008D7B8A /* Macros.h */,
				14E2EA2E1CB2B2B0008D7B8A /* Memory.h */,
				14E2EA2F1CB2B2B0008D7B8A /* Meta.h */,
				14E2EA301CB2B2B0008D7B8A /* MKL_support.h */,
				14E2EA311CB2B2B0008D7B8A /* NonMPL2.h */,
				14E2EA321CB2B2B0008D7B8A /* ReenableStupidWarnings.h */,
				14E2EA331CB2B2B0008D7B8A /* StaticAssert.h */,
				14E2EA341CB2B2B0008D7B8A /* XprHelper.h */,
			);
			path = util;
			sourceTree = "<group>";
		};
		14E2EA381CB2B2B0008D7B8A /* Eigen2Support */ = {
			isa = PBXGroup;
			children = (
				14E2EA391CB2B2B0008D7B8A /* Block.h */,
				14E2EA3A1CB2B2B0008D7B8A /* CMakeLists.txt */,
				14E2EA3B1CB2B2B0008D7B8A /* Cwise.h */,
				14E2EA3C1CB2B2B0008D7B8A /* CwiseOperators.h */,
				14E2EA3D1CB2B2B0008D7B8A /* Geometry */,
				14E2EA4A1CB2B2B0008D7B8A /* Lazy.h */,
				14E2EA4B1CB2B2B0008D7B8A /* LeastSquares.h */,
				14E2EA4C1CB2B2B0008D7B8A /* LU.h */,
				14E2EA4D1CB2B2B0008D7B8A /* Macros.h */,
				14E2EA4E1CB2B2B0008D7B8A /* MathFunctions.h */,
				14E2EA4F1CB2B2B0008D7B8A /* Memory.h */,
				14E2EA501CB2B2B0008D7B8A /* Meta.h */,
				14E2EA511CB2B2B0008D7B8A /* Minor.h */,
				14E2EA521CB2B2B0008D7B8A /* QR.h */,
				14E2EA531CB2B2B0008D7B8A /* SVD.h */,
				14E2EA541CB2B2B0008D7B8A /* TriangularSolver.h */,
				14E2EA551CB2B2B0008D7B8A /* VectorBlock.h */,
			);
			path = Eigen2Support;
			sourceTree = "<group>";
		};
		14E2EA3D1CB2B2B0008D7B8A /* Geometry */ = {
			isa = PBXGroup;
			children = (
				14E2EA3E1CB2B2B0008D7B8A /* AlignedBox.h */,
				14E2EA3F1CB2B2B0008D7B8A /* All.h */,
				14E2EA401CB2B2B0008D7B8A /* AngleAxis.h */,
				14E2EA411CB2B2B0008D7B8A /* CMakeLists.txt */,
				14E2EA421CB2B2B0008D7B8A /* Hyperplane.h */,
				14E2EA431CB2B2B0008D7B8A /* ParametrizedLine.h */,
				14E2EA441CB2B2B0008D7B8A /* Quaternion.h */,
				14E2EA451CB2B2B0008D7B8A /* Rotation2D.h */,
				14E2EA461CB2B2B0008D7B8A /* RotationBase.h */,
				14E2EA471CB2B2B0008D7B8A /* Scaling.h */,
				14E2EA481CB2B2B0008D7B8A /* Transform.h */,
				14E2EA491CB2B2B0008D7B8A /* Translation.h */,
			);
			path = Geometry;
			sourceTree = "<group>";
		};
		14E2EA561CB2B2B0008D7B8A /* Eigenvalues */ = {
			isa = PBXGroup;
			children = (
				14E2EA571CB2B2B0008D7B8A /* CMakeLists.txt */,
				14E2EA581CB2B2B0008D7B8A /* ComplexEigenSolver.h */,
				14E2EA591CB2B2B0008D7B8A /* ComplexSchur.h */,
				14E2EA5A1CB2B2B0008D7B8A /* ComplexSchur_MKL.h */,
				14E2EA5B1CB2B2B0008D7B8A /* EigenSolver.h */,
				14E2EA5C1CB2B2B0008D7B8A /* GeneralizedEigenSolver.h */,
				14E2EA5D1CB2B2B0008D7B8A /* GeneralizedSelfAdjointEigenSolver.h */,
				14E2EA5E1CB2B2B0008D7B8A /* HessenbergDecomposition.h */,
				14E2EA5F1CB2B2B0008D7B8A /* MatrixBaseEigenvalues.h */,
				14E2EA601CB2B2B0008D7B8A /* RealQZ.h */,
				14E2EA611CB2B2B0008D7B8A /* RealSchur.h */,
				14E2EA621CB2B2B0008D7B8A /* RealSchur_MKL.h */,
				14E2EA631CB2B2B0008D7B8A /* SelfAdjointEigenSolver.h */,
				14E2EA641CB2B2B0008D7B8A /* SelfAdjointEigenSolver_MKL.h */,
				14E2EA651CB2B2B0008D7B8A /* Tridiagonalization.h */,
			);
			path = Eigenvalues;
			sourceTree = "<group>";
		};
		14E2EA661CB2B2B0008D7B8A /* Geometry */ = {
			isa = PBXGroup;
			children = (
				14E2EA671CB2B2B0008D7B8A /* AlignedBox.h */,
				14E2EA681CB2B2B0008D7B8A /* AngleAxis.h */,
				14E2EA691CB2B2B0008D7B8A /* arch */,
				14E2EA6C1CB2B2B0008D7B8A /* CMakeLists.txt */,
				14E2EA6D1CB2B2B0008D7B8A /* EulerAngles.h */,
				14E2EA6E1CB2B2B0008D7B8A /* Homogeneous.h */,
				14E2EA6F1CB2B2B0008D7B8A /* Hyperplane.h */,
				14E2EA701CB2B2B0008D7B8A /* OrthoMethods.h */,
				14E2EA711CB2B2B0008D7B8A /* ParametrizedLine.h */,
				14E2EA721CB2B2B0008D7B8A /* Quaternion.h */,
				14E2EA731CB2B2B0008D7B8A /* Rotation2D.h */,
				14E2EA741CB2B2B0008D7B8A /* RotationBase.h */,
				14E2EA751CB2B2B0008D7B8A /* Scaling.h */,
				14E2EA761CB2B2B0008D7B8A /* Transform.h */,
				14E2EA771CB2B2B0008D7B8A /* Translation.h */,
				14E2EA781CB2B2B0008D7B8A /* Umeyama.h */,
			);
			path = Geometry;
			sourceTree = "<group>";
		};
		14E2EA691CB2B2B0008D7B8A /* arch */ = {
			isa = PBXGroup;
			children = (
				14E2EA6A1CB2B2B0008D7B8A /* CMakeLists.txt */,
				14E2EA6B1CB2B2B0008D7B8A /* Geometry_SSE.h */,
			);
			path = arch;
			sourceTree = "<group>";
		};
		14E2EA791CB2B2B0008D7B8A /* Householder */ = {
			isa = PBXGroup;
			children = (
				14E2EA7A1CB2B2B0008D7B8A /* BlockHouseholder.h */,
				14E2EA7B1CB2B2B0008D7B8A /* CMakeLists.txt */,
				14E2EA7C1CB2B2B0008D7B8A /* Householder.h */,
				14E2EA7D1CB2B2B0008D7B8A /* HouseholderSequence.h */,
			);
			path = Householder;
			sourceTree = "<group>";
		};
		14E2EA7E1CB2B2B0008D7B8A /* IterativeLinearSolvers */ = {
			isa = PBXGroup;
			children = (
				14E2EA7F1CB2B2B0008D7B8A /* BasicPreconditioners.h */,
				14E2EA801CB2B2B0008D7B8A /* BiCGSTAB.h */,
				14E2EA811CB2B2B0008D7B8A /* CMakeLists.txt */,
				14E2EA821CB2B2B0008D7B8A /* ConjugateGradient.h */,
				14E2EA831CB2B2B0008D7B8A /* IncompleteLUT.h */,
				14E2EA841CB2B2B0008D7B8A /* IterativeSolverBase.h */,
			);
			path = IterativeLinearSolvers;
			sourceTree = "<group>";
		};
		14E2EA851CB2B2B0008D7B8A /* Jacobi */ = {
			isa = PBXGroup;
			children = (
				14E2EA861CB2B2B0008D7B8A /* CMakeLists.txt */,
				14E2EA871CB2B2B0008D7B8A /* Jacobi.h */,
			);
			path = Jacobi;
			sourceTree = "<group>";
		};
		14E2EA881CB2B2B0008D7B8A /* LU */ = {
			isa = PBXGroup;
			children = (
				14E2EA891CB2B2B0008D7B8A /* arch */,
				14E2EA8C1CB2B2B0008D7B8A /* CMakeLists.txt */,
				14E2EA8D1CB2B2B0008D7B8A /* Determinant.h */,
				14E2EA8E1CB2B2B0008D7B8A /* FullPivLU.h */,
				14E2EA8F1CB2B2B0008D7B8A /* Inverse.h */,
				14E2EA901CB2B2B0008D7B8A /* PartialPivLU.h */,
				14E2EA911CB2B2B0008D7B8A /* PartialPivLU_MKL.h */,
			);
			path = LU;
			sourceTree = "<group>";
		};
		14E2EA891CB2B2B0008D7B8A /* arch */ = {
			isa = PBXGroup;
			children = (
				14E2EA8A1CB2B2B0008D7B8A /* CMakeLists.txt */,
				14E2EA8B1CB2B2B0008D7B8A /* Inverse_SSE.h */,
			);
			path = arch;
			sourceTree = "<group>";
		};
		14E2EA921CB2B2B0008D7B8A /* MetisSupport */ = {
			isa = PBXGroup;
			children = (
				14E2EA931CB2B2B0008D7B8A /* CMakeLists.txt */,
				14E2EA941CB2B2B0008D7B8A /* MetisSupport.h */,
			);
			path = MetisSupport;
			sourceTree = "<group>";
		};
		14E2EA951CB2B2B0008D7B8A /* misc */ = {
			isa = PBXGroup;
			children = (
				14E2EA961CB2B2B0008D7B8A /* blas.h */,
				14E2EA971CB2B2B0008D7B8A /* CMakeLists.txt */,
				14E2EA981CB2B2B0008D7B8A /* Image.h */,
				14E2EA991CB2B2B0008D7B8A /* Kernel.h */,
				14E2EA9A1CB2B2B0008D7B8A /* Solve.h */,
				14E2EA9B1CB2B2B0008D7B8A /* SparseSolve.h */,
			);
			path = misc;
			sourceTree = "<group>";
		};
		14E2EA9C1CB2B2B0008D7B8A /* OrderingMethods */ = {
			isa = PBXGroup;
			children = (
				14E2EA9D1CB2B2B0008D7B8A /* Amd.h */,
				14E2EA9E1CB2B2B0008D7B8A /* CMakeLists.txt */,
				14E2EA9F1CB2B2B0008D7B8A /* Eigen_Colamd.h */,
				14E2EAA01CB2B2B0008D7B8A /* Ordering.h */,
			);
			path = OrderingMethods;
			sourceTree = "<group>";
		};
		14E2EAA11CB2B2B0008D7B8A /* PardisoSupport */ = {
			isa = PBXGroup;
			children = (
				14E2EAA21CB2B2B0008D7B8A /* CMakeLists.txt */,
				14E2EAA31CB2B2B0008D7B8A /* PardisoSupport.h */,
			);
			path = PardisoSupport;
			sourceTree = "<group>";
		};
		14E2EAA41CB2B2B0008D7B8A /* PaStiXSupport */ = {
			isa = PBXGroup;
			children = (
				14E2EAA51CB2B2B0008D7B8A /* CMakeLists.txt */,
				14E2EAA61CB2B2B0008D7B8A /* PaStiXSupport.h */,
			);
			path = PaStiXSupport;
			sourceTree = "<group>";
		};
		14E2EAA71CB2B2B0008D7B8A /* plugins */ = {
			isa = PBXGroup;
			children = (
				14E2EAA81CB2B2B0008D7B8A /* ArrayCwiseBinaryOps.h */,
				14E2EAA91CB2B2B0008D7B8A /* ArrayCwiseUnaryOps.h */,
				14E2EAAA1CB2B2B0008D7B8A /* BlockMethods.h */,
				14E2EAAB1CB2B2B0008D7B8A /* CMakeLists.txt */,
				14E2EAAC1CB2B2B0008D7B8A /* CommonCwiseBinaryOps.h */,
				14E2EAAD1CB2B2B0008D7B8A /* CommonCwiseUnaryOps.h */,
				14E2EAAE1CB2B2B0008D7B8A /* MatrixCwiseBinaryOps.h */,
				14E2EAAF1CB2B2B0008D7B8A /* MatrixCwiseUnaryOps.h */,
			);
			path = plugins;
			sourceTree = "<group>";
		};
		14E2EAB01CB2B2B0008D7B8A /* QR */ = {
			isa = PBXGroup;
			children = (
				14E2EAB11CB2B2B0008D7B8A /* CMakeLists.txt */,
				14E2EAB21CB2B2B0008D7B8A /* ColPivHouseholderQR.h */,
				14E2EAB31CB2B2B0008D7B8A /* ColPivHouseholderQR_MKL.h */,
				14E2EAB41CB2B2B0008D7B8A /* FullPivHouseholderQR.h */,
				14E2EAB51CB2B2B0008D7B8A /* HouseholderQR.h */,
				14E2EAB61CB2B2B0008D7B8A /* HouseholderQR_MKL.h */,
			);
			path = QR;
			sourceTree = "<group>";
		};
		14E2EAB71CB2B2B0008D7B8A /* SparseCholesky */ = {
			isa = PBXGroup;
			children = (
				14E2EAB81CB2B2B0008D7B8A /* CMakeLists.txt */,
				14E2EAB91CB2B2B0008D7B8A /* SimplicialCholesky.h */,
				14E2EABA1CB2B2B0008D7B8A /* SimplicialCholesky_impl.h */,
			);
			path = SparseCholesky;
			sourceTree = "<group>";
		};
		14E2EABB1CB2B2B0008D7B8A /* SparseCore */ = {
			isa = PBXGroup;
			children = (
				14E2EABC1CB2B2B0008D7B8A /* AmbiVector.h */,
				14E2EABD1CB2B2B0008D7B8A /* CMakeLists.txt */,
				14E2EABE1CB2B2B0008D7B8A /* CompressedStorage.h */,
				14E2EABF1CB2B2B0008D7B8A /* ConservativeSparseSparseProduct.h */,
				14E2EAC01CB2B2B0008D7B8A /* MappedSparseMatrix.h */,
				14E2EAC11CB2B2B0008D7B8A /* SparseBlock.h */,
				14E2EAC21CB2B2B0008D7B8A /* SparseColEtree.h */,
				14E2EAC31CB2B2B0008D7B8A /* SparseCwiseBinaryOp.h */,
				14E2EAC41CB2B2B0008D7B8A /* SparseCwiseUnaryOp.h */,
				14E2EAC51CB2B2B0008D7B8A /* SparseDenseProduct.h */,
				14E2EAC61CB2B2B0008D7B8A /* SparseDiagonalProduct.h */,
				14E2EAC71CB2B2B0008D7B8A /* SparseDot.h */,
				14E2EAC81CB2B2B0008D7B8A /* SparseFuzzy.h */,
				14E2EAC91CB2B2B0008D7B8A /* SparseMatrix.h */,
				14E2EACA1CB2B2B0008D7B8A /* SparseMatrixBase.h */,
				14E2EACB1CB2B2B0008D7B8A /* SparsePermutation.h */,
				14E2EACC1CB2B2B0008D7B8A /* SparseProduct.h */,
				14E2EACD1CB2B2B0008D7B8A /* SparseRedux.h */,
				14E2EACE1CB2B2B0008D7B8A /* SparseSelfAdjointView.h */,
				14E2EACF1CB2B2B0008D7B8A /* SparseSparseProductWithPruning.h */,
				14E2EAD01CB2B2B0008D7B8A /* SparseTranspose.h */,
				14E2EAD11CB2B2B0008D7B8A /* SparseTriangularView.h */,
				14E2EAD21CB2B2B0008D7B8A /* SparseUtil.h */,
				14E2EAD31CB2B2B0008D7B8A /* SparseVector.h */,
				14E2EAD41CB2B2B0008D7B8A /* SparseView.h */,
				14E2EAD51CB2B2B0008D7B8A /* TriangularSolver.h */,
			);
			path = SparseCore;
			sourceTree = "<group>";
		};
		14E2EAD61CB2B2B0008D7B8A /* SparseLU */ = {
			isa = PBXGroup;
			children = (
				14E2EAD71CB2B2B0008D7B8A /* CMakeLists.txt */,
				14E2EAD81CB2B2B0008D7B8A /* SparseLU.h */,
				14E2EAD91CB2B2B0008D7B8A /* SparseLU_column_bmod.h */,
				14E2EADA1CB2B2B0008D7B8A /* SparseLU_column_dfs.h */,
				14E2EADB1CB2B2B0008D7B8A /* SparseLU_copy_to_ucol.h */,
				14E2EADC1CB2B2B0008D7B8A /* SparseLU_gemm_kernel.h */,
				14E2EADD1CB2B2B0008D7B8A /* SparseLU_heap_relax_snode.h */,
				14E2EADE1CB2B2B0008D7B8A /* SparseLU_kernel_bmod.h */,
				14E2EADF1CB2B2B0008D7B8A /* SparseLU_Memory.h */,
				14E2EAE01CB2B2B0008D7B8A /* SparseLU_panel_bmod.h */,
				14E2EAE11CB2B2B0008D7B8A /* SparseLU_panel_dfs.h */,
				14E2EAE21CB2B2B0008D7B8A /* SparseLU_pivotL.h */,
				14E2EAE31CB2B2B0008D7B8A /* SparseLU_pruneL.h */,
				14E2EAE41CB2B2B0008D7B8A /* SparseLU_relax_snode.h */,
				14E2EAE51CB2B2B0008D7B8A /* SparseLU_Structs.h */,
				14E2EAE61CB2B2B0008D7B8A /* SparseLU_SupernodalMatrix.h */,
				14E2EAE71CB2B2B0008D7B8A /* SparseLU_Utils.h */,
				14E2EAE81CB2B2B0008D7B8A /* SparseLUImpl.h */,
			);
			path = SparseLU;
			sourceTree = "<group>";
		};
		14E2EAE91CB2B2B0008D7B8A /* SparseQR */ = {
			isa = PBXGroup;
			children = (
				14E2EAEA1CB2B2B0008D7B8A /* CMakeLists.txt */,
				14E2EAEB1CB2B2B0008D7B8A /* SparseQR.h */,
			);
			path = SparseQR;
			sourceTree = "<group>";
		};
		14E2EAEC1CB2B2B0008D7B8A /* SPQRSupport */ = {
			isa = PBXGroup;
			children = (
				14E2EAED1CB2B2B0008D7B8A /* CMakeLists.txt */,
				14E2EAEE1CB2B2B0008D7B8A /* SuiteSparseQRSupport.h */,
			);
			path = SPQRSupport;
			sourceTree = "<group>";
		};
		14E2EAEF1CB2B2B0008D7B8A /* StlSupport */ = {
			isa = PBXGroup;
			children = (
				14E2EAF01CB2B2B0008D7B8A /* CMakeLists.txt */,
				14E2EAF11CB2B2B0008D7B8A /* details.h */,
				14E2EAF21CB2B2B0008D7B8A /* StdDeque.h */,
				14E2EAF31CB2B2B0008D7B8A /* StdList.h */,
				14E2EAF41CB2B2B0008D7B8A /* StdVector.h */,
			);
			path = StlSupport;
			sourceTree = "<group>";
		};
		14E2EAF51CB2B2B0008D7B8A /* SuperLUSupport */ = {
			isa = PBXGroup;
			children = (
				14E2EAF61CB2B2B0008D7B8A /* CMakeLists.txt */,
				14E2EAF71CB2B2B0008D7B8A /* SuperLUSupport.h */,
			);
			path = SuperLUSupport;
			sourceTree = "<group>";
		};
		14E2EAF81CB2B2B0008D7B8A /* SVD */ = {
			isa = PBXGroup;
			children = (
				14E2EAF91CB2B2B0008D7B8A /* CMakeLists.txt */,
				14E2EAFA1CB2B2B0008D7B8A /* JacobiSVD.h */,
				14E2EAFB1CB2B2B0008D7B8A /* JacobiSVD_MKL.h */,
				14E2EAFC1CB2B2B0008D7B8A /* UpperBidiagonalization.h */,
			);
			path = SVD;
			sourceTree = "<group>";
		};
		14E2EAFD1CB2B2B0008D7B8A /* UmfPackSupport */ = {
			isa = PBXGroup;
			children = (
				14E2EAFE1CB2B2B0008D7B8A /* CMakeLists.txt */,
				14E2EAFF1CB2B2B0008D7B8A /* UmfPackSupport.h */,
			);
			path = UmfPackSupport;
			sourceTree = "<group>";
		};
		6948EE371B920CB800B5AC1A /* local_addons */ = {
			isa = PBXGroup;
			children = (
			);
			name = local_addons;
			sourceTree = "<group>";
		};
		BB4B014C10F69532006C3DED /* addons */ = {
			isa = PBXGroup;
			children = (
				14E2E99C1CB2B2B0008D7B8A /* Eigen */,
				F8496C521CB1147A00F301C3 /* ofxTimeMeasurements */,
			);
			name = addons;
			sourceTree = "<group>";
		};
		E4328144138ABC890047C5CB /* Products */ = {
			isa = PBXGroup;
			children = (
				E4328148138ABC890047C5CB /* openFrameworksDebug.a */,
			);
			name = Products;
			sourceTree = "<group>";
		};
		E4B69B4A0A3A1720003C02F2 = {
			isa = PBXGroup;
			children = (
				E4B6FCAD0C3E899E008CF71C /* openFrameworks-Info.plist */,
				E4EB6923138AFD0F00A09F29 /* Project.xcconfig */,
				E4B69E1C0A3A1BDC003C02F2 /* src */,
				E4EEC9E9138DF44700A80321 /* openFrameworks */,
				BB4B014C10F69532006C3DED /* addons */,
				6948EE371B920CB800B5AC1A /* local_addons */,
				E4B69B5B0A3A1756003C02F2 /* Face2FaceDebug.app */,
			);
			sourceTree = "<group>";
		};
		E4B69E1C0A3A1BDC003C02F2 /* src */ = {
			isa = PBXGroup;
			children = (
				E4B69E1D0A3A1BDC003C02F2 /* main.cpp */,
				E4B69E1E0A3A1BDC003C02F2 /* ofApp.cpp */,
				E4B69E1F0A3A1BDC003C02F2 /* ofApp.h */,
			);
			path = src;
			sourceTree = SOURCE_ROOT;
		};
		E4EEC9E9138DF44700A80321 /* openFrameworks */ = {
			isa = PBXGroup;
			children = (
				E4EB691F138AFCF100A09F29 /* CoreOF.xcconfig */,
				E4328143138ABC890047C5CB /* openFrameworksLib.xcodeproj */,
			);
			name = openFrameworks;
			sourceTree = "<group>";
		};
		F8496C521CB1147A00F301C3 /* ofxTimeMeasurements */ = {
			isa = PBXGroup;
			children = (
				F8496C571CB1147A00F301C3 /* lib */,
				F8496C5B1CB1147A00F301C3 /* src */,
			);
			name = ofxTimeMeasurements;
			path = extAddons/ofxTimeMeasurements;
			sourceTree = "<group>";
		};
		F8496C571CB1147A00F301C3 /* lib */ = {
			isa = PBXGroup;
			children = (
				F8496C581CB1147A00F301C3 /* tree.h */,
			);
			path = lib;
			sourceTree = "<group>";
		};
		F8496C5B1CB1147A00F301C3 /* src */ = {
			isa = PBXGroup;
			children = (
				F8496C5C1CB1147A00F301C3 /* ofxTimeMeasurements.cpp */,
				F8496C5D1CB1147A00F301C3 /* ofxTimeMeasurements.h */,
				F8496C5E1CB1147A00F301C3 /* ofxTimeMeasurementsMacros.h */,
				F8496C5F1CB1147A00F301C3 /* ofxTimeMeasurementsScoped.h */,
			);
			path = src;
			sourceTree = "<group>";
		};
/* End PBXGroup section */

/* Begin PBXNativeTarget section */
		E4B69B5A0A3A1756003C02F2 /* Face2Face */ = {
			isa = PBXNativeTarget;
			buildConfigurationList = E4B69B5F0A3A1757003C02F2 /* Build configuration list for PBXNativeTarget "Face2Face" */;
			buildPhases = (
				E4B69B580A3A1756003C02F2 /* Sources */,
				E4B69B590A3A1756003C02F2 /* Frameworks */,
				E4B6FFFD0C3F9AB9008CF71C /* ShellScript */,
				E4C2427710CC5ABF004149E2 /* CopyFiles */,
			);
			buildRules = (
			);
			dependencies = (
				E4EEB9AC138B136A00A80321 /* PBXTargetDependency */,
			);
			name = Face2Face;
			productName = myOFApp;
			productReference = E4B69B5B0A3A1756003C02F2 /* Face2FaceDebug.app */;
			productType = "com.apple.product-type.application";
		};
/* End PBXNativeTarget section */

/* Begin PBXProject section */
		E4B69B4C0A3A1720003C02F2 /* Project object */ = {
			isa = PBXProject;
			attributes = {
				LastUpgradeCheck = 0600;
			};
			buildConfigurationList = E4B69B4D0A3A1720003C02F2 /* Build configuration list for PBXProject "Face2Face" */;
			compatibilityVersion = "Xcode 3.2";
			developmentRegion = English;
			hasScannedForEncodings = 0;
			knownRegions = (
				English,
				Japanese,
				French,
				German,
			);
			mainGroup = E4B69B4A0A3A1720003C02F2;
			productRefGroup = E4B69B4A0A3A1720003C02F2;
			projectDirPath = "";
			projectReferences = (
				{
					ProductGroup = E4328144138ABC890047C5CB /* Products */;
					ProjectRef = E4328143138ABC890047C5CB /* openFrameworksLib.xcodeproj */;
				},
			);
			projectRoot = "";
			targets = (
				E4B69B5A0A3A1756003C02F2 /* Face2Face */,
			);
		};
/* End PBXProject section */

/* Begin PBXReferenceProxy section */
		E4328148138ABC890047C5CB /* openFrameworksDebug.a */ = {
			isa = PBXReferenceProxy;
			fileType = archive.ar;
			path = openFrameworksDebug.a;
			remoteRef = E4328147138ABC890047C5CB /* PBXContainerItemProxy */;
			sourceTree = BUILT_PRODUCTS_DIR;
		};
/* End PBXReferenceProxy section */

/* Begin PBXShellScriptBuildPhase section */
		E4B6FFFD0C3F9AB9008CF71C /* ShellScript */ = {
			isa = PBXShellScriptBuildPhase;
			buildActionMask = 2147483647;
			files = (
			);
			inputPaths = (
			);
			outputPaths = (
			);
			runOnlyForDeploymentPostprocessing = 0;
			shellPath = /bin/sh;
			shellScript = "mkdir -p \"$TARGET_BUILD_DIR/$PRODUCT_NAME.app/Contents/Resources/\"\n# Copy default icon file into App/Resources\nrsync -aved \"$ICON_FILE\" \"$TARGET_BUILD_DIR/$PRODUCT_NAME.app/Contents/Resources/\"\n# Copy libfmod and change install directory for fmod to run\nrsync -aved ../../../libs/fmodex/lib/osx/libfmodex.dylib \"$TARGET_BUILD_DIR/$PRODUCT_NAME.app/Contents/Frameworks/\";\ninstall_name_tool -change @executable_path/libfmodex.dylib @executable_path/../Frameworks/libfmodex.dylib \"$TARGET_BUILD_DIR/$PRODUCT_NAME.app/Contents/MacOS/$PRODUCT_NAME\";\n# Copy GLUT framework (must remove for AppStore submissions)\nrsync -aved ../../../libs/glut/lib/osx/GLUT.framework \"$TARGET_BUILD_DIR/$PRODUCT_NAME.app/Contents/Frameworks/\"\n";
		};
/* End PBXShellScriptBuildPhase section */

/* Begin PBXSourcesBuildPhase section */
		E4B69B580A3A1756003C02F2 /* Sources */ = {
			isa = PBXSourcesBuildPhase;
			buildActionMask = 2147483647;
			files = (
				E4B69E200A3A1BDC003C02F2 /* main.cpp in Sources */,
				F8496C631CB1147A00F301C3 /* ofxTimeMeasurements.cpp in Sources */,
				E4B69E210A3A1BDC003C02F2 /* ofApp.cpp in Sources */,
			);
			runOnlyForDeploymentPostprocessing = 0;
		};
/* End PBXSourcesBuildPhase section */

/* Begin PBXTargetDependency section */
		E4EEB9AC138B136A00A80321 /* PBXTargetDependency */ = {
			isa = PBXTargetDependency;
			name = openFrameworks;
			targetProxy = E4EEB9AB138B136A00A80321 /* PBXContainerItemProxy */;
		};
/* End PBXTargetDependency section */

/* Begin XCBuildConfiguration section */
		E4B69B4E0A3A1720003C02F2 /* Debug */ = {
			isa = XCBuildConfiguration;
			baseConfigurationReference = E4EB6923138AFD0F00A09F29 /* Project.xcconfig */;
			buildSettings = {
				CONFIGURATION_BUILD_DIR = "$(SRCROOT)/bin/";
				COPY_PHASE_STRIP = NO;
				DEAD_CODE_STRIPPING = YES;
				GCC_AUTO_VECTORIZATION = YES;
				GCC_ENABLE_SSE3_EXTENSIONS = YES;
				GCC_ENABLE_SUPPLEMENTAL_SSE3_INSTRUCTIONS = YES;
				GCC_INLINES_ARE_PRIVATE_EXTERN = NO;
				GCC_OPTIMIZATION_LEVEL = 0;
				GCC_SYMBOLS_PRIVATE_EXTERN = NO;
				GCC_WARN_ABOUT_DEPRECATED_FUNCTIONS = YES;
				GCC_WARN_ABOUT_INVALID_OFFSETOF_MACRO = NO;
				GCC_WARN_ALLOW_INCOMPLETE_PROTOCOL = NO;
				GCC_WARN_UNINITIALIZED_AUTOS = NO;
				GCC_WARN_UNUSED_VALUE = NO;
				GCC_WARN_UNUSED_VARIABLE = NO;
				MACOSX_DEPLOYMENT_TARGET = 10.8;
				ONLY_ACTIVE_ARCH = YES;
				OTHER_CPLUSPLUSFLAGS = (
					"-D__MACOSX_CORE__",
					"-mtune=native",
				);
				SDKROOT = macosx;
			};
			name = Debug;
		};
		E4B69B4F0A3A1720003C02F2 /* Release */ = {
			isa = XCBuildConfiguration;
			baseConfigurationReference = E4EB6923138AFD0F00A09F29 /* Project.xcconfig */;
			buildSettings = {
				CONFIGURATION_BUILD_DIR = "$(SRCROOT)/bin/";
				COPY_PHASE_STRIP = YES;
				DEAD_CODE_STRIPPING = YES;
				GCC_AUTO_VECTORIZATION = YES;
				GCC_ENABLE_SSE3_EXTENSIONS = YES;
				GCC_ENABLE_SUPPLEMENTAL_SSE3_INSTRUCTIONS = YES;
				GCC_INLINES_ARE_PRIVATE_EXTERN = NO;
				GCC_OPTIMIZATION_LEVEL = 3;
				GCC_SYMBOLS_PRIVATE_EXTERN = NO;
				GCC_UNROLL_LOOPS = YES;
				GCC_WARN_ABOUT_DEPRECATED_FUNCTIONS = YES;
				GCC_WARN_ABOUT_INVALID_OFFSETOF_MACRO = NO;
				GCC_WARN_ALLOW_INCOMPLETE_PROTOCOL = NO;
				GCC_WARN_UNINITIALIZED_AUTOS = NO;
				GCC_WARN_UNUSED_VALUE = NO;
				GCC_WARN_UNUSED_VARIABLE = NO;
				MACOSX_DEPLOYMENT_TARGET = 10.8;
				OTHER_CPLUSPLUSFLAGS = (
					"-D__MACOSX_CORE__",
					"-mtune=native",
				);
				SDKROOT = macosx;
			};
			name = Release;
		};
		E4B69B600A3A1757003C02F2 /* Debug */ = {
			isa = XCBuildConfiguration;
			baseConfigurationReference = E4EB6923138AFD0F00A09F29 /* Project.xcconfig */;
			buildSettings = {
				COMBINE_HIDPI_IMAGES = YES;
				COPY_PHASE_STRIP = NO;
				FRAMEWORK_SEARCH_PATHS = (
					"$(inherited)",
					"$(FRAMEWORK_SEARCH_PATHS_QUOTED_FOR_TARGET_1)",
				);
				FRAMEWORK_SEARCH_PATHS_QUOTED_FOR_TARGET_1 = "\"$(SRCROOT)/../../../libs/glut/lib/osx\"";
				GCC_DYNAMIC_NO_PIC = NO;
				GCC_GENERATE_DEBUGGING_SYMBOLS = YES;
				GCC_MODEL_TUNING = NONE;
				HEADER_SEARCH_PATHS = (
					"$(SRCROOT)/extAddons/",
					"$(OF_CORE_HEADERS)",
				);
				ICON = "$(ICON_NAME_DEBUG)";
				ICON_FILE = "$(ICON_FILE_PATH)$(ICON)";
				INFOPLIST_FILE = "openFrameworks-Info.plist";
				INSTALL_PATH = /Applications;
				LIBRARY_SEARCH_PATHS = "$(inherited)";
				PRODUCT_NAME = "$(TARGET_NAME)Debug";
				WRAPPER_EXTENSION = app;
			};
			name = Debug;
		};
		E4B69B610A3A1757003C02F2 /* Release */ = {
			isa = XCBuildConfiguration;
			baseConfigurationReference = E4EB6923138AFD0F00A09F29 /* Project.xcconfig */;
			buildSettings = {
				COMBINE_HIDPI_IMAGES = YES;
				COPY_PHASE_STRIP = YES;
				FRAMEWORK_SEARCH_PATHS = (
					"$(inherited)",
					"$(FRAMEWORK_SEARCH_PATHS_QUOTED_FOR_TARGET_1)",
				);
				FRAMEWORK_SEARCH_PATHS_QUOTED_FOR_TARGET_1 = "\"$(SRCROOT)/../../../libs/glut/lib/osx\"";
				GCC_GENERATE_DEBUGGING_SYMBOLS = YES;
				GCC_MODEL_TUNING = NONE;
				HEADER_SEARCH_PATHS = (
					"$(SRCROOT)/extAddons/",
					"$(OF_CORE_HEADERS)",
				);
				ICON = "$(ICON_NAME_RELEASE)";
				ICON_FILE = "$(ICON_FILE_PATH)$(ICON)";
				INFOPLIST_FILE = "openFrameworks-Info.plist";
				INSTALL_PATH = /Applications;
				LIBRARY_SEARCH_PATHS = "$(inherited)";
				PRODUCT_NAME = "$(TARGET_NAME)";
				WRAPPER_EXTENSION = app;
				baseConfigurationReference = E4EB6923138AFD0F00A09F29;
			};
			name = Release;
		};
/* End XCBuildConfiguration section */

/* Begin XCConfigurationList section */
		E4B69B4D0A3A1720003C02F2 /* Build configuration list for PBXProject "Face2Face" */ = {
			isa = XCConfigurationList;
			buildConfigurations = (
				E4B69B4E0A3A1720003C02F2 /* Debug */,
				E4B69B4F0A3A1720003C02F2 /* Release */,
			);
			defaultConfigurationIsVisible = 0;
			defaultConfigurationName = Release;
		};
		E4B69B5F0A3A1757003C02F2 /* Build configuration list for PBXNativeTarget "Face2Face" */ = {
			isa = XCConfigurationList;
			buildConfigurations = (
				E4B69B600A3A1757003C02F2 /* Debug */,
				E4B69B610A3A1757003C02F2 /* Release */,
			);
			defaultConfigurationIsVisible = 0;
			defaultConfigurationName = Release;
		};
/* End XCConfigurationList section */
	};
	rootObject = E4B69B4C0A3A1720003C02F2 /* Project object */;
}
